PODS:
  - Alamofire (4.7.3)
  - Reachability (3.2)
  - SDWebImage (4.4.6):
    - SDWebImage/Core (= 4.4.6)
  - SDWebImage/Core (4.4.6)

DEPENDENCIES:
  - Alamofire (~> 4.7.2)
  - Reachability (~> 3.2.0)
  - SDWebImage (~> 4.4.6)

SPEC REPOS:
  https://github.com/cocoapods/specs.git:
    - Alamofire
    - Reachability
    - SDWebImage

SPEC CHECKSUMS:
  Alamofire: c7287b6e5d7da964a70935e5db17046b7fde6568
  Reachability: 33e18b67625424e47b6cde6d202dce689ad7af96
  SDWebImage: 3f3f0c02f09798048c47a5ed0a13f17b063572d8

PODFILE CHECKSUM: 613b3911c81e688ee4b190a1d7fe0fe778ba69f0

COCOAPODS: 1.6.1
