// !$*UTF8*$!
{
	archiveVersion = 1;
	classes = {
	};
	objectVersion = 46;
	objects = {

/* Begin PBXBuildFile section */
		62063C4F3752F42B38BC0DC7 /* Pods_PictureMyWorld_AdHoc_Alpha.framework in Frameworks */ = {isa = PBXBuildFile; fileRef = 2B508A911BAF90FAD3D3B2A3 /* Pods_PictureMyWorld_AdHoc_Alpha.framework */; };
		751828BE1DF05A53001D12ED /* DKExtensions.swift in Sources */ = {isa = PBXBuildFile; fileRef = 751828BA1DF05A53001D12ED /* DKExtensions.swift */; };
		751828C81DF08B26001D12ED /* Model.xcdatamodeld in Sources */ = {isa = PBXBuildFile; fileRef = 751828C61DF08B26001D12ED /* Model.xcdatamodeld */; };
		751828CB1DF08BAD001D12ED /* Post+CoreDataProperties.swift in Sources */ = {isa = PBXBuildFile; fileRef = 751828C91DF08BAD001D12ED /* Post+CoreDataProperties.swift */; };
		751828CC1DF08BAD001D12ED /* Post+Helper.swift in Sources */ = {isa = PBXBuildFile; fileRef = 751828CA1DF08BAD001D12ED /* Post+Helper.swift */; };
		756A98621DFB833F00C8D631 /* PWInfoView.swift in Sources */ = {isa = PBXBuildFile; fileRef = 756A98611DFB833F00C8D631 /* PWInfoView.swift */; };
		756E74461DF0579000960616 /* Settings.bundle in Resources */ = {isa = PBXBuildFile; fileRef = 756E74451DF0579000960616 /* Settings.bundle */; };
		757809F61DFB06CB003AEAD2 /* AssetManagerSource.swift in Sources */ = {isa = PBXBuildFile; fileRef = 757809F51DFB06CB003AEAD2 /* AssetManagerSource.swift */; };
		757809FE1DFB1BF4003AEAD2 /* FullScreenSlideshowViewController.swift in Sources */ = {isa = PBXBuildFile; fileRef = 757809F71DFB1BF4003AEAD2 /* FullScreenSlideshowViewController.swift */; };
		757809FF1DFB1BF4003AEAD2 /* ImageSlideshow.swift in Sources */ = {isa = PBXBuildFile; fileRef = 757809F81DFB1BF4003AEAD2 /* ImageSlideshow.swift */; };
		75780A001DFB1BF4003AEAD2 /* ImageSlideshowItem.swift in Sources */ = {isa = PBXBuildFile; fileRef = 757809F91DFB1BF4003AEAD2 /* ImageSlideshowItem.swift */; };
		75780A011DFB1BF4003AEAD2 /* InputSource.swift in Sources */ = {isa = PBXBuildFile; fileRef = 757809FA1DFB1BF4003AEAD2 /* InputSource.swift */; };
		75780A021DFB1BF4003AEAD2 /* UIImage+AspectFit.swift in Sources */ = {isa = PBXBuildFile; fileRef = 757809FB1DFB1BF4003AEAD2 /* UIImage+AspectFit.swift */; };
		75780A031DFB1BF4003AEAD2 /* UIImageView+Tools.swift in Sources */ = {isa = PBXBuildFile; fileRef = 757809FC1DFB1BF4003AEAD2 /* UIImageView+Tools.swift */; };
		75780A041DFB1BF4003AEAD2 /* ZoomAnimatedTransitioning.swift in Sources */ = {isa = PBXBuildFile; fileRef = 757809FD1DFB1BF4003AEAD2 /* ZoomAnimatedTransitioning.swift */; };
		7582288E1DF7A87A00567725 /* AppDelegate.swift in Sources */ = {isa = PBXBuildFile; fileRef = 7582288B1DF7A87A00567725 /* AppDelegate.swift */; };
		7582288F1DF7A87A00567725 /* PWCollectionViewController.swift in Sources */ = {isa = PBXBuildFile; fileRef = 7582288D1DF7A87A00567725 /* PWCollectionViewController.swift */; };
		758228911DF7A88600567725 /* HTMLParser.swift in Sources */ = {isa = PBXBuildFile; fileRef = 758228901DF7A88600567725 /* HTMLParser.swift */; };
		758228991DF7A8A800567725 /* Assets.xcassets in Resources */ = {isa = PBXBuildFile; fileRef = 758228951DF7A8A800567725 /* Assets.xcassets */; };
		7582289A1DF7A8A800567725 /* LaunchScreen.storyboard in Resources */ = {isa = PBXBuildFile; fileRef = 758228961DF7A8A800567725 /* LaunchScreen.storyboard */; };
		7582289C1DF7A8A800567725 /* Main.storyboard in Resources */ = {isa = PBXBuildFile; fileRef = 758228981DF7A8A800567725 /* Main.storyboard */; };
		7582289D1DF7A8C700567725 /* Localizable.strings in Resources */ = {isa = PBXBuildFile; fileRef = 7582289F1DF7A8C700567725 /* Localizable.strings */; };
		758228A11DF7A94B00567725 /* PWPostCollectionViewCell.swift in Sources */ = {isa = PBXBuildFile; fileRef = 758228A01DF7A94B00567725 /* PWPostCollectionViewCell.swift */; };
		758786991DFB3ACD002C766D /* Appirater.swift in Sources */ = {isa = PBXBuildFile; fileRef = 758786951DFB3ACD002C766D /* Appirater.swift */; };
		7587869A1DFB3ACD002C766D /* GoogleAnalytics.swift in Sources */ = {isa = PBXBuildFile; fileRef = 758786961DFB3ACD002C766D /* GoogleAnalytics.swift */; };
		7587869B1DFB3ACD002C766D /* HockeySDK.swift in Sources */ = {isa = PBXBuildFile; fileRef = 758786971DFB3ACD002C766D /* HockeySDK.swift */; };
		75925EAE1DF778A4006C7277 /* PWConstants.swift in Sources */ = {isa = PBXBuildFile; fileRef = 75925EAD1DF778A4006C7277 /* PWConstants.swift */; };
		75925EB01DF778E7006C7277 /* PWDefines.swift in Sources */ = {isa = PBXBuildFile; fileRef = 75925EAF1DF778E7006C7277 /* PWDefines.swift */; };
		75925EB21DF77C1E006C7277 /* AssetManager.swift in Sources */ = {isa = PBXBuildFile; fileRef = 75925EB11DF77C1E006C7277 /* AssetManager.swift */; };
		75925EB71DF796DA006C7277 /* Database.swift in Sources */ = {isa = PBXBuildFile; fileRef = 75925EB61DF796DA006C7277 /* Database.swift */; };
		75FC84F31DFB79C5009AA25D /* GoogleService-Info.plist in Resources */ = {isa = PBXBuildFile; fileRef = 75FC84F21DFB79C5009AA25D /* GoogleService-Info.plist */; };
/* End PBXBuildFile section */

/* Begin PBXFileReference section */
		23FB15770CAD38DF12FD5C5B /* Pods-PictureMyWorld-AdHoc-Alpha.release.xcconfig */ = {isa = PBXFileReference; includeInIndex = 1; lastKnownFileType = text.xcconfig; name = "Pods-PictureMyWorld-AdHoc-Alpha.release.xcconfig"; path = "Pods/Target Support Files/Pods-PictureMyWorld-AdHoc-Alpha/Pods-PictureMyWorld-AdHoc-Alpha.release.xcconfig"; sourceTree = "<group>"; };
		2B508A911BAF90FAD3D3B2A3 /* Pods_PictureMyWorld_AdHoc_Alpha.framework */ = {isa = PBXFileReference; explicitFileType = wrapper.framework; includeInIndex = 0; path = Pods_PictureMyWorld_AdHoc_Alpha.framework; sourceTree = BUILT_PRODUCTS_DIR; };
		61A7E81F86DDF861155E22D3 /* Pods-PictureMyWorld-AdHoc-Alpha.debug.xcconfig */ = {isa = PBXFileReference; includeInIndex = 1; lastKnownFileType = text.xcconfig; name = "Pods-PictureMyWorld-AdHoc-Alpha.debug.xcconfig"; path = "Pods/Target Support Files/Pods-PictureMyWorld-AdHoc-Alpha/Pods-PictureMyWorld-AdHoc-Alpha.debug.xcconfig"; sourceTree = "<group>"; };
		7509F4CF1DF0564F00E1EBD3 /* PictureMyWorld-AdHoc-Alpha.app */ = {isa = PBXFileReference; explicitFileType = wrapper.application; includeInIndex = 0; path = "PictureMyWorld-AdHoc-Alpha.app"; sourceTree = BUILT_PRODUCTS_DIR; };
		751828BA1DF05A53001D12ED /* DKExtensions.swift */ = {isa = PBXFileReference; fileEncoding = 4; lastKnownFileType = sourcecode.swift; path = DKExtensions.swift; sourceTree = "<group>"; };
		751828C71DF08B26001D12ED /* Model.xcdatamodel */ = {isa = PBXFileReference; lastKnownFileType = wrapper.xcdatamodel; path = Model.xcdatamodel; sourceTree = "<group>"; };
		751828C91DF08BAD001D12ED /* Post+CoreDataProperties.swift */ = {isa = PBXFileReference; fileEncoding = 4; lastKnownFileType = sourcecode.swift; name = "Post+CoreDataProperties.swift"; path = "Database/Post+CoreDataProperties.swift"; sourceTree = "<group>"; };
		751828CA1DF08BAD001D12ED /* Post+Helper.swift */ = {isa = PBXFileReference; fileEncoding = 4; lastKnownFileType = sourcecode.swift; name = "Post+Helper.swift"; path = "Database/Post+Helper.swift"; sourceTree = "<group>"; };
		756A98611DFB833F00C8D631 /* PWInfoView.swift */ = {isa = PBXFileReference; fileEncoding = 4; lastKnownFileType = sourcecode.swift; path = PWInfoView.swift; sourceTree = "<group>"; };
		756E74451DF0579000960616 /* Settings.bundle */ = {isa = PBXFileReference; lastKnownFileType = "wrapper.plug-in"; name = Settings.bundle; path = Resources/Settings.bundle; sourceTree = "<group>"; };
		757809F51DFB06CB003AEAD2 /* AssetManagerSource.swift */ = {isa = PBXFileReference; fileEncoding = 4; lastKnownFileType = sourcecode.swift; name = AssetManagerSource.swift; path = Helpers/AssetManagerSource.swift; sourceTree = "<group>"; };
		757809F71DFB1BF4003AEAD2 /* FullScreenSlideshowViewController.swift */ = {isa = PBXFileReference; fileEncoding = 4; lastKnownFileType = sourcecode.swift; path = FullScreenSlideshowViewController.swift; sourceTree = "<group>"; };
		757809F81DFB1BF4003AEAD2 /* ImageSlideshow.swift */ = {isa = PBXFileReference; fileEncoding = 4; lastKnownFileType = sourcecode.swift; path = ImageSlideshow.swift; sourceTree = "<group>"; };
		757809F91DFB1BF4003AEAD2 /* ImageSlideshowItem.swift */ = {isa = PBXFileReference; fileEncoding = 4; lastKnownFileType = sourcecode.swift; path = ImageSlideshowItem.swift; sourceTree = "<group>"; };
		757809FA1DFB1BF4003AEAD2 /* InputSource.swift */ = {isa = PBXFileReference; fileEncoding = 4; lastKnownFileType = sourcecode.swift; path = InputSource.swift; sourceTree = "<group>"; };
		757809FB1DFB1BF4003AEAD2 /* UIImage+AspectFit.swift */ = {isa = PBXFileReference; fileEncoding = 4; lastKnownFileType = sourcecode.swift; path = "UIImage+AspectFit.swift"; sourceTree = "<group>"; };
		757809FC1DFB1BF4003AEAD2 /* UIImageView+Tools.swift */ = {isa = PBXFileReference; fileEncoding = 4; lastKnownFileType = sourcecode.swift; path = "UIImageView+Tools.swift"; sourceTree = "<group>"; };
		757809FD1DFB1BF4003AEAD2 /* ZoomAnimatedTransitioning.swift */ = {isa = PBXFileReference; fileEncoding = 4; lastKnownFileType = sourcecode.swift; path = ZoomAnimatedTransitioning.swift; sourceTree = "<group>"; };
		7582288B1DF7A87A00567725 /* AppDelegate.swift */ = {isa = PBXFileReference; fileEncoding = 4; lastKnownFileType = sourcecode.swift; name = AppDelegate.swift; path = Core/AppDelegate.swift; sourceTree = SOURCE_ROOT; };
		7582288D1DF7A87A00567725 /* PWCollectionViewController.swift */ = {isa = PBXFileReference; fileEncoding = 4; lastKnownFileType = sourcecode.swift; path = PWCollectionViewController.swift; sourceTree = "<group>"; };
		758228901DF7A88600567725 /* HTMLParser.swift */ = {isa = PBXFileReference; fileEncoding = 4; lastKnownFileType = sourcecode.swift; name = HTMLParser.swift; path = Helpers/HTMLParser.swift; sourceTree = "<group>"; };
		758228931DF7A89300567725 /* PictureMyWorld-Alpha-InHouse-Info.plist */ = {isa = PBXFileReference; fileEncoding = 4; lastKnownFileType = text.plist.xml; path = "PictureMyWorld-Alpha-InHouse-Info.plist"; sourceTree = "<group>"; };
		758228951DF7A8A800567725 /* Assets.xcassets */ = {isa = PBXFileReference; lastKnownFileType = folder.assetcatalog; name = Assets.xcassets; path = Resources/Assets.xcassets; sourceTree = "<group>"; };
		758228961DF7A8A800567725 /* LaunchScreen.storyboard */ = {isa = PBXFileReference; fileEncoding = 4; lastKnownFileType = file.storyboard; name = LaunchScreen.storyboard; path = Resources/LaunchScreen.storyboard; sourceTree = "<group>"; };
		758228981DF7A8A800567725 /* Main.storyboard */ = {isa = PBXFileReference; fileEncoding = 4; lastKnownFileType = file.storyboard; name = Main.storyboard; path = Resources/Main.storyboard; sourceTree = "<group>"; };
		7582289E1DF7A8C700567725 /* Base */ = {isa = PBXFileReference; lastKnownFileType = text.plist.strings; name = Base; path = Base.lproj/Localizable.strings; sourceTree = "<group>"; };
		758228A01DF7A94B00567725 /* PWPostCollectionViewCell.swift */ = {isa = PBXFileReference; fileEncoding = 4; lastKnownFileType = sourcecode.swift; path = PWPostCollectionViewCell.swift; sourceTree = "<group>"; };
		758786951DFB3ACD002C766D /* Appirater.swift */ = {isa = PBXFileReference; fileEncoding = 4; lastKnownFileType = sourcecode.swift; name = Appirater.swift; path = Helpers/Appirater.swift; sourceTree = "<group>"; };
		758786961DFB3ACD002C766D /* GoogleAnalytics.swift */ = {isa = PBXFileReference; fileEncoding = 4; lastKnownFileType = sourcecode.swift; name = GoogleAnalytics.swift; path = Helpers/GoogleAnalytics.swift; sourceTree = "<group>"; };
		758786971DFB3ACD002C766D /* HockeySDK.swift */ = {isa = PBXFileReference; fileEncoding = 4; lastKnownFileType = sourcecode.swift; name = HockeySDK.swift; path = Helpers/HockeySDK.swift; sourceTree = "<group>"; };
		758786981DFB3ACD002C766D /* PictureMyWorld-Bridging-Header.h */ = {isa = PBXFileReference; fileEncoding = 4; lastKnownFileType = sourcecode.c.h; name = "PictureMyWorld-Bridging-Header.h"; path = "Helpers/PictureMyWorld-Bridging-Header.h"; sourceTree = "<group>"; };
		75925EAD1DF778A4006C7277 /* PWConstants.swift */ = {isa = PBXFileReference; fileEncoding = 4; lastKnownFileType = sourcecode.swift; name = PWConstants.swift; path = Core/PWConstants.swift; sourceTree = SOURCE_ROOT; };
		75925EAF1DF778E7006C7277 /* PWDefines.swift */ = {isa = PBXFileReference; fileEncoding = 4; lastKnownFileType = sourcecode.swift; name = PWDefines.swift; path = Core/PWDefines.swift; sourceTree = SOURCE_ROOT; };
		75925EB11DF77C1E006C7277 /* AssetManager.swift */ = {isa = PBXFileReference; fileEncoding = 4; lastKnownFileType = sourcecode.swift; name = AssetManager.swift; path = Helpers/AssetManager.swift; sourceTree = "<group>"; };
		75925EB61DF796DA006C7277 /* Database.swift */ = {isa = PBXFileReference; fileEncoding = 4; lastKnownFileType = sourcecode.swift; name = Database.swift; path = Database/Database.swift; sourceTree = "<group>"; };
		75FC84F21DFB79C5009AA25D /* GoogleService-Info.plist */ = {isa = PBXFileReference; fileEncoding = 4; lastKnownFileType = text.plist.xml; path = "GoogleService-Info.plist"; sourceTree = "<group>"; };
/* End PBXFileReference section */

/* Begin PBXFrameworksBuildPhase section */
		7509F4CC1DF0564F00E1EBD3 /* Frameworks */ = {
			isa = PBXFrameworksBuildPhase;
			buildActionMask = 2147483647;
			files = (
				62063C4F3752F42B38BC0DC7 /* Pods_PictureMyWorld_AdHoc_Alpha.framework in Frameworks */,
			);
			runOnlyForDeploymentPostprocessing = 0;
		};
/* End PBXFrameworksBuildPhase section */

/* Begin PBXGroup section */
		43E0D9FFC75DDC169A03B19F /* Frameworks */ = {
			isa = PBXGroup;
			children = (
				2B508A911BAF90FAD3D3B2A3 /* Pods_PictureMyWorld_AdHoc_Alpha.framework */,
			);
			name = Frameworks;
			sourceTree = "<group>";
		};
		67458EE5424703F408659D75 /* Pods */ = {
			isa = PBXGroup;
			children = (
				61A7E81F86DDF861155E22D3 /* Pods-PictureMyWorld-AdHoc-Alpha.debug.xcconfig */,
				23FB15770CAD38DF12FD5C5B /* Pods-PictureMyWorld-AdHoc-Alpha.release.xcconfig */,
			);
			name = Pods;
			sourceTree = "<group>";
		};
		7509F4C61DF0564F00E1EBD3 = {
			isa = PBXGroup;
			children = (
				75925EAC1DF77890006C7277 /* Core */,
				751828C51DF08B10001D12ED /* Database */,
				75925EB31DF77C21006C7277 /* Helpers */,
				751828B71DF05A53001D12ED /* Submodules */,
				756E74441DF0578200960616 /* Resources */,
				758228921DF7A89300567725 /* PLists */,
				7509F4D01DF0564F00E1EBD3 /* Products */,
				67458EE5424703F408659D75 /* Pods */,
				43E0D9FFC75DDC169A03B19F /* Frameworks */,
			);
			sourceTree = "<group>";
		};
		7509F4D01DF0564F00E1EBD3 /* Products */ = {
			isa = PBXGroup;
			children = (
				7509F4CF1DF0564F00E1EBD3 /* PictureMyWorld-AdHoc-Alpha.app */,
			);
			name = Products;
			sourceTree = "<group>";
		};
		751828B71DF05A53001D12ED /* Submodules */ = {
			isa = PBXGroup;
			children = (
				751828B81DF05A53001D12ED /* DKExtensionsSwift */,
			);
			path = Submodules;
			sourceTree = "<group>";
		};
		751828B81DF05A53001D12ED /* DKExtensionsSwift */ = {
			isa = PBXGroup;
			children = (
				751828BA1DF05A53001D12ED /* DKExtensions.swift */,
			);
			path = DKExtensionsSwift;
			sourceTree = "<group>";
		};
		751828C51DF08B10001D12ED /* Database */ = {
			isa = PBXGroup;
			children = (
				751828C91DF08BAD001D12ED /* Post+CoreDataProperties.swift */,
				751828CA1DF08BAD001D12ED /* Post+Helper.swift */,
				75925EB61DF796DA006C7277 /* Database.swift */,
				751828C61DF08B26001D12ED /* Model.xcdatamodeld */,
			);
			name = Database;
			sourceTree = "<group>";
		};
		751949851DFA1A7C008CA6D9 /* ImageSlideshow */ = {
			isa = PBXGroup;
			children = (
				757809F71DFB1BF4003AEAD2 /* FullScreenSlideshowViewController.swift */,
				757809F81DFB1BF4003AEAD2 /* ImageSlideshow.swift */,
				757809F91DFB1BF4003AEAD2 /* ImageSlideshowItem.swift */,
				757809FA1DFB1BF4003AEAD2 /* InputSource.swift */,
				757809FB1DFB1BF4003AEAD2 /* UIImage+AspectFit.swift */,
				757809FC1DFB1BF4003AEAD2 /* UIImageView+Tools.swift */,
				757809FD1DFB1BF4003AEAD2 /* ZoomAnimatedTransitioning.swift */,
			);
			name = ImageSlideshow;
			path = Helpers/ImageSlideshow;
			sourceTree = "<group>";
		};
		756E74441DF0578200960616 /* Resources */ = {
			isa = PBXGroup;
			children = (
				758228951DF7A8A800567725 /* Assets.xcassets */,
				758228961DF7A8A800567725 /* LaunchScreen.storyboard */,
				7582289F1DF7A8C700567725 /* Localizable.strings */,
				758228981DF7A8A800567725 /* Main.storyboard */,
				756E74451DF0579000960616 /* Settings.bundle */,
			);
			name = Resources;
			sourceTree = "<group>";
		};
		7582288A1DF7A87A00567725 /* AdditionalViews */ = {
			isa = PBXGroup;
			children = (
				758228A01DF7A94B00567725 /* PWPostCollectionViewCell.swift */,
				756A98611DFB833F00C8D631 /* PWInfoView.swift */,
			);
			name = AdditionalViews;
			path = Core/AdditionalViews;
			sourceTree = SOURCE_ROOT;
		};
		7582288C1DF7A87A00567725 /* ViewControllers */ = {
			isa = PBXGroup;
			children = (
				7582288D1DF7A87A00567725 /* PWCollectionViewController.swift */,
			);
			name = ViewControllers;
			path = Core/ViewControllers;
			sourceTree = SOURCE_ROOT;
		};
		758228921DF7A89300567725 /* PLists */ = {
			isa = PBXGroup;
			children = (
				758228931DF7A89300567725 /* PictureMyWorld-Alpha-InHouse-Info.plist */,
				75FC84F21DFB79C5009AA25D /* GoogleService-Info.plist */,
			);
			path = PLists;
			sourceTree = "<group>";
		};
		75925EAC1DF77890006C7277 /* Core */ = {
			isa = PBXGroup;
			children = (
				7582288B1DF7A87A00567725 /* AppDelegate.swift */,
				75925EAD1DF778A4006C7277 /* PWConstants.swift */,
				75925EAF1DF778E7006C7277 /* PWDefines.swift */,
				7582288A1DF7A87A00567725 /* AdditionalViews */,
				7582288C1DF7A87A00567725 /* ViewControllers */,
			);
			name = Core;
			path = PictureMyWorld;
			sourceTree = "<group>";
		};
		75925EB31DF77C21006C7277 /* Helpers */ = {
			isa = PBXGroup;
			children = (
				751949851DFA1A7C008CA6D9 /* ImageSlideshow */,
				758786951DFB3ACD002C766D /* Appirater.swift */,
				758786961DFB3ACD002C766D /* GoogleAnalytics.swift */,
				758786971DFB3ACD002C766D /* HockeySDK.swift */,
				758786981DFB3ACD002C766D /* PictureMyWorld-Bridging-Header.h */,
				75925EB11DF77C1E006C7277 /* AssetManager.swift */,
				757809F51DFB06CB003AEAD2 /* AssetManagerSource.swift */,
				758228901DF7A88600567725 /* HTMLParser.swift */,
			);
			name = Helpers;
			sourceTree = "<group>";
		};
/* End PBXGroup section */

/* Begin PBXNativeTarget section */
		7509F4CE1DF0564F00E1EBD3 /* PictureMyWorld-AdHoc-Alpha */ = {
			isa = PBXNativeTarget;
			buildConfigurationList = 7509F4EC1DF0565000E1EBD3 /* Build configuration list for PBXNativeTarget "PictureMyWorld-AdHoc-Alpha" */;
			buildPhases = (
				79E0A53BEBB57373DABA0F94 /* [CP] Check Pods Manifest.lock */,
				7509F4CB1DF0564F00E1EBD3 /* Sources */,
				7509F4CC1DF0564F00E1EBD3 /* Frameworks */,
				7509F4CD1DF0564F00E1EBD3 /* Resources */,
				E3ECC7FDCB1E17B0C509389C /* [CP] Embed Pods Frameworks */,
				1BF76B2609FC525F87C60C77 /* [CP] Copy Pods Resources */,
				751828B61DF058D0001D12ED /* Swiftlint */,
			);
			buildRules = (
			);
			dependencies = (
			);
			name = "PictureMyWorld-AdHoc-Alpha";
			productName = PictureMyWorld;
			productReference = 7509F4CF1DF0564F00E1EBD3 /* PictureMyWorld-AdHoc-Alpha.app */;
			productType = "com.apple.product-type.application";
		};
/* End PBXNativeTarget section */

/* Begin PBXProject section */
		7509F4C71DF0564F00E1EBD3 /* Project object */ = {
			isa = PBXProject;
			attributes = {
				LastSwiftUpdateCheck = 0730;
				LastUpgradeCheck = 0730;
				ORGANIZATIONNAME = "Kevin Delord";
				TargetAttributes = {
					7509F4CE1DF0564F00E1EBD3 = {
						CreatedOnToolsVersion = 7.3.1;
						DevelopmentTeam = QXY3J9PHW4;
					};
				};
			};
			buildConfigurationList = 7509F4CA1DF0564F00E1EBD3 /* Build configuration list for PBXProject "PictureMyWorld" */;
			compatibilityVersion = "Xcode 3.2";
			developmentRegion = English;
			hasScannedForEncodings = 0;
			knownRegions = (
				en,
				Base,
			);
			mainGroup = 7509F4C61DF0564F00E1EBD3;
			productRefGroup = 7509F4D01DF0564F00E1EBD3 /* Products */;
			projectDirPath = "";
			projectRoot = "";
			targets = (
				7509F4CE1DF0564F00E1EBD3 /* PictureMyWorld-AdHoc-Alpha */,
			);
		};
/* End PBXProject section */

/* Begin PBXResourcesBuildPhase section */
		7509F4CD1DF0564F00E1EBD3 /* Resources */ = {
			isa = PBXResourcesBuildPhase;
			buildActionMask = 2147483647;
			files = (
				7582289A1DF7A8A800567725 /* LaunchScreen.storyboard in Resources */,
				7582289C1DF7A8A800567725 /* Main.storyboard in Resources */,
				7582289D1DF7A8C700567725 /* Localizable.strings in Resources */,
				758228991DF7A8A800567725 /* Assets.xcassets in Resources */,
				756E74461DF0579000960616 /* Settings.bundle in Resources */,
				75FC84F31DFB79C5009AA25D /* GoogleService-Info.plist in Resources */,
			);
			runOnlyForDeploymentPostprocessing = 0;
		};
/* End PBXResourcesBuildPhase section */

/* Begin PBXShellScriptBuildPhase section */
		1BF76B2609FC525F87C60C77 /* [CP] Copy Pods Resources */ = {
			isa = PBXShellScriptBuildPhase;
			buildActionMask = 2147483647;
			files = (
			);
			inputPaths = (
			);
			name = "[CP] Copy Pods Resources";
			outputPaths = (
			);
			runOnlyForDeploymentPostprocessing = 0;
			shellPath = /bin/sh;
			shellScript = "\"${SRCROOT}/Pods/Target Support Files/Pods-PictureMyWorld-AdHoc-Alpha/Pods-PictureMyWorld-AdHoc-Alpha-resources.sh\"\n";
			showEnvVarsInLog = 0;
		};
		751828B61DF058D0001D12ED /* Swiftlint */ = {
			isa = PBXShellScriptBuildPhase;
			buildActionMask = 2147483647;
			files = (
			);
			inputPaths = (
			);
			name = Swiftlint;
			outputPaths = (
			);
			runOnlyForDeploymentPostprocessing = 0;
			shellPath = /bin/sh;
			shellScript = "if which swiftlint >/dev/null; then\nswiftlint\nelse\necho \"SwiftLint does not exist, download from https://github.com/realm/SwiftLint\"\nfi";
		};
		79E0A53BEBB57373DABA0F94 /* [CP] Check Pods Manifest.lock */ = {
			isa = PBXShellScriptBuildPhase;
			buildActionMask = 2147483647;
			files = (
			);
			inputPaths = (
			);
			name = "[CP] Check Pods Manifest.lock";
			outputPaths = (
			);
			runOnlyForDeploymentPostprocessing = 0;
			shellPath = /bin/sh;
			shellScript = "diff \"${PODS_ROOT}/../Podfile.lock\" \"${PODS_ROOT}/Manifest.lock\" > /dev/null\nif [ $? != 0 ] ; then\n    # print error to STDERR\n    echo \"error: The sandbox is not in sync with the Podfile.lock. Run 'pod install' or update your CocoaPods installation.\" >&2\n    exit 1\nfi\n";
			showEnvVarsInLog = 0;
		};
		E3ECC7FDCB1E17B0C509389C /* [CP] Embed Pods Frameworks */ = {
			isa = PBXShellScriptBuildPhase;
			buildActionMask = 2147483647;
			files = (
			);
			inputPaths = (
			);
			name = "[CP] Embed Pods Frameworks";
			outputPaths = (
			);
			runOnlyForDeploymentPostprocessing = 0;
			shellPath = /bin/sh;
			shellScript = "\"${SRCROOT}/Pods/Target Support Files/Pods-PictureMyWorld-AdHoc-Alpha/Pods-PictureMyWorld-AdHoc-Alpha-frameworks.sh\"\n";
			showEnvVarsInLog = 0;
		};
/* End PBXShellScriptBuildPhase section */

/* Begin PBXSourcesBuildPhase section */
		7509F4CB1DF0564F00E1EBD3 /* Sources */ = {
			isa = PBXSourcesBuildPhase;
			buildActionMask = 2147483647;
			files = (
				758228911DF7A88600567725 /* HTMLParser.swift in Sources */,
				7587869B1DFB3ACD002C766D /* HockeySDK.swift in Sources */,
				75925EB71DF796DA006C7277 /* Database.swift in Sources */,
				757809FE1DFB1BF4003AEAD2 /* FullScreenSlideshowViewController.swift in Sources */,
				75780A021DFB1BF4003AEAD2 /* UIImage+AspectFit.swift in Sources */,
				75925EAE1DF778A4006C7277 /* PWConstants.swift in Sources */,
				7582288F1DF7A87A00567725 /* PWCollectionViewController.swift in Sources */,
				751828BE1DF05A53001D12ED /* DKExtensions.swift in Sources */,
				7587869A1DFB3ACD002C766D /* GoogleAnalytics.swift in Sources */,
				756A98621DFB833F00C8D631 /* PWInfoView.swift in Sources */,
				751828CC1DF08BAD001D12ED /* Post+Helper.swift in Sources */,
				75780A001DFB1BF4003AEAD2 /* ImageSlideshowItem.swift in Sources */,
				751828CB1DF08BAD001D12ED /* Post+CoreDataProperties.swift in Sources */,
				75780A011DFB1BF4003AEAD2 /* InputSource.swift in Sources */,
				75780A041DFB1BF4003AEAD2 /* ZoomAnimatedTransitioning.swift in Sources */,
				757809FF1DFB1BF4003AEAD2 /* ImageSlideshow.swift in Sources */,
				751828C81DF08B26001D12ED /* Model.xcdatamodeld in Sources */,
				758786991DFB3ACD002C766D /* Appirater.swift in Sources */,
				75925EB21DF77C1E006C7277 /* AssetManager.swift in Sources */,
				75780A031DFB1BF4003AEAD2 /* UIImageView+Tools.swift in Sources */,
				758228A11DF7A94B00567725 /* PWPostCollectionViewCell.swift in Sources */,
				757809F61DFB06CB003AEAD2 /* AssetManagerSource.swift in Sources */,
				75925EB01DF778E7006C7277 /* PWDefines.swift in Sources */,
				7582288E1DF7A87A00567725 /* AppDelegate.swift in Sources */,
			);
			runOnlyForDeploymentPostprocessing = 0;
		};
/* End PBXSourcesBuildPhase section */

/* Begin PBXVariantGroup section */
		7582289F1DF7A8C700567725 /* Localizable.strings */ = {
			isa = PBXVariantGroup;
			children = (
				7582289E1DF7A8C700567725 /* Base */,
			);
			name = Localizable.strings;
			path = Resources;
			sourceTree = "<group>";
		};
/* End PBXVariantGroup section */

/* Begin XCBuildConfiguration section */
		7509F4EA1DF0565000E1EBD3 /* Debug */ = {
			isa = XCBuildConfiguration;
			buildSettings = {
				ALWAYS_SEARCH_USER_PATHS = NO;
				CLANG_ANALYZER_NONNULL = YES;
				CLANG_CXX_LANGUAGE_STANDARD = "gnu++0x";
				CLANG_CXX_LIBRARY = "libc++";
				CLANG_ENABLE_MODULES = YES;
				CLANG_ENABLE_OBJC_ARC = YES;
				CLANG_WARN_BOOL_CONVERSION = YES;
				CLANG_WARN_CONSTANT_CONVERSION = YES;
				CLANG_WARN_DIRECT_OBJC_ISA_USAGE = YES_ERROR;
				CLANG_WARN_EMPTY_BODY = YES;
				CLANG_WARN_ENUM_CONVERSION = YES;
				CLANG_WARN_INT_CONVERSION = YES;
				CLANG_WARN_OBJC_ROOT_CLASS = YES_ERROR;
				CLANG_WARN_UNREACHABLE_CODE = YES;
				CLANG_WARN__DUPLICATE_METHOD_MATCH = YES;
				"CODE_SIGN_IDENTITY[sdk=iphoneos*]" = "iPhone Developer";
				COPY_PHASE_STRIP = NO;
				DEBUG_INFORMATION_FORMAT = dwarf;
				ENABLE_STRICT_OBJC_MSGSEND = YES;
				ENABLE_TESTABILITY = YES;
				GCC_C_LANGUAGE_STANDARD = gnu99;
				GCC_DYNAMIC_NO_PIC = NO;
				GCC_NO_COMMON_BLOCKS = YES;
				GCC_OPTIMIZATION_LEVEL = 0;
				GCC_PREPROCESSOR_DEFINITIONS = (
					"DEBUG=1",
					"$(inherited)",
				);
				GCC_WARN_64_TO_32_BIT_CONVERSION = YES;
				GCC_WARN_ABOUT_RETURN_TYPE = YES_ERROR;
				GCC_WARN_UNDECLARED_SELECTOR = YES;
				GCC_WARN_UNINITIALIZED_AUTOS = YES_AGGRESSIVE;
				GCC_WARN_UNUSED_FUNCTION = YES;
				GCC_WARN_UNUSED_VARIABLE = YES;
				IPHONEOS_DEPLOYMENT_TARGET = 9.3;
				MTL_ENABLE_DEBUG_INFO = YES;
				ONLY_ACTIVE_ARCH = YES;
				SDKROOT = iphoneos;
				SWIFT_OPTIMIZATION_LEVEL = "-Onone";
				TARGETED_DEVICE_FAMILY = "1,2";
			};
			name = Debug;
		};
		7509F4EB1DF0565000E1EBD3 /* Release */ = {
			isa = XCBuildConfiguration;
			buildSettings = {
				ALWAYS_SEARCH_USER_PATHS = NO;
				CLANG_ANALYZER_NONNULL = YES;
				CLANG_CXX_LANGUAGE_STANDARD = "gnu++0x";
				CLANG_CXX_LIBRARY = "libc++";
				CLANG_ENABLE_MODULES = YES;
				CLANG_ENABLE_OBJC_ARC = YES;
				CLANG_WARN_BOOL_CONVERSION = YES;
				CLANG_WARN_CONSTANT_CONVERSION = YES;
				CLANG_WARN_DIRECT_OBJC_ISA_USAGE = YES_ERROR;
				CLANG_WARN_EMPTY_BODY = YES;
				CLANG_WARN_ENUM_CONVERSION = YES;
				CLANG_WARN_INT_CONVERSION = YES;
				CLANG_WARN_OBJC_ROOT_CLASS = YES_ERROR;
				CLANG_WARN_UNREACHABLE_CODE = YES;
				CLANG_WARN__DUPLICATE_METHOD_MATCH = YES;
				"CODE_SIGN_IDENTITY[sdk=iphoneos*]" = "iPhone Developer";
				COPY_PHASE_STRIP = NO;
				DEBUG_INFORMATION_FORMAT = "dwarf-with-dsym";
				ENABLE_NS_ASSERTIONS = NO;
				ENABLE_STRICT_OBJC_MSGSEND = YES;
				GCC_C_LANGUAGE_STANDARD = gnu99;
				GCC_NO_COMMON_BLOCKS = YES;
				GCC_WARN_64_TO_32_BIT_CONVERSION = YES;
				GCC_WARN_ABOUT_RETURN_TYPE = YES_ERROR;
				GCC_WARN_UNDECLARED_SELECTOR = YES;
				GCC_WARN_UNINITIALIZED_AUTOS = YES_AGGRESSIVE;
				GCC_WARN_UNUSED_FUNCTION = YES;
				GCC_WARN_UNUSED_VARIABLE = YES;
				IPHONEOS_DEPLOYMENT_TARGET = 9.3;
				MTL_ENABLE_DEBUG_INFO = NO;
				SDKROOT = iphoneos;
				TARGETED_DEVICE_FAMILY = "1,2";
				VALIDATE_PRODUCT = YES;
			};
			name = Release;
		};
		7509F4ED1DF0565000E1EBD3 /* Debug */ = {
			isa = XCBuildConfiguration;
			baseConfigurationReference = 61A7E81F86DDF861155E22D3 /* Pods-PictureMyWorld-AdHoc-Alpha.debug.xcconfig */;
			buildSettings = {
				ASSETCATALOG_COMPILER_APPICON_NAME = AppIcon;
				CODE_SIGN_IDENTITY = "iPhone Developer";
				"CODE_SIGN_IDENTITY[sdk=iphoneos*]" = "";
				CURRENT_PROJECT_VERSION = 1;
				INFOPLIST_FILE = "PLists/PictureMyWorld-Alpha-InHouse-Info.plist";
				IPHONEOS_DEPLOYMENT_TARGET = 8.0;
				LD_RUNPATH_SEARCH_PATHS = "$(inherited) @executable_path/Frameworks";
				OTHER_SWIFT_FLAGS = "$(inherited) -D ADHOC -D ALPHA -D DEBUG";
				PRODUCT_BUNDLE_IDENTIFIER = io.kevindelord.app.picturemyworld;
				PRODUCT_NAME = "$(TARGET_NAME)";
				PROVISIONING_PROFILE = "46aa9cc9-a8b7-4dbf-903a-fee1bba433e8";
				SWIFT_OBJC_BRIDGING_HEADER = "Helpers/PictureMyWorld-Bridging-Header.h";
			};
			name = Debug;
		};
		7509F4EE1DF0565000E1EBD3 /* Release */ = {
			isa = XCBuildConfiguration;
			baseConfigurationReference = 23FB15770CAD38DF12FD5C5B /* Pods-PictureMyWorld-AdHoc-Alpha.release.xcconfig */;
			buildSettings = {
				ASSETCATALOG_COMPILER_APPICON_NAME = AppIcon;
				CODE_SIGN_IDENTITY = "iPhone Developer";
				CURRENT_PROJECT_VERSION = 1;
				INFOPLIST_FILE = "PLists/PictureMyWorld-Alpha-InHouse-Info.plist";
				IPHONEOS_DEPLOYMENT_TARGET = 8.0;
				LD_RUNPATH_SEARCH_PATHS = "$(inherited) @executable_path/Frameworks";
				OTHER_SWIFT_FLAGS = "$(inherited) -D ADHOC -D ALPHA -D RELEASE";
				PRODUCT_BUNDLE_IDENTIFIER = io.kevindelord.app.picturemyworld;
				PRODUCT_NAME = "$(TARGET_NAME)";
				PROVISIONING_PROFILE = "774727aa-09c3-4109-83ad-d573b1bd43ac";
				SWIFT_OBJC_BRIDGING_HEADER = "Helpers/PictureMyWorld-Bridging-Header.h";
			};
			name = Release;
		};
/* End XCBuildConfiguration section */

/* Begin XCConfigurationList section */
		7509F4CA1DF0564F00E1EBD3 /* Build configuration list for PBXProject "PictureMyWorld" */ = {
			isa = XCConfigurationList;
			buildConfigurations = (
				7509F4EA1DF0565000E1EBD3 /* Debug */,
				7509F4EB1DF0565000E1EBD3 /* Release */,
			);
			defaultConfigurationIsVisible = 0;
			defaultConfigurationName = Release;
		};
		7509F4EC1DF0565000E1EBD3 /* Build configuration list for PBXNativeTarget "PictureMyWorld-AdHoc-Alpha" */ = {
			isa = XCConfigurationList;
			buildConfigurations = (
				7509F4ED1DF0565000E1EBD3 /* Debug */,
				7509F4EE1DF0565000E1EBD3 /* Release */,
			);
			defaultConfigurationIsVisible = 0;
			defaultConfigurationName = Release;
		};
/* End XCConfigurationList section */

/* Begin XCVersionGroup section */
		751828C61DF08B26001D12ED /* Model.xcdatamodeld */ = {
			isa = XCVersionGroup;
			children = (
				751828C71DF08B26001D12ED /* Model.xcdatamodel */,
			);
			currentVersion = 751828C71DF08B26001D12ED /* Model.xcdatamodel */;
			name = Model.xcdatamodeld;
			path = Database/Model.xcdatamodeld;
			sourceTree = "<group>";
			versionGroupType = wrapper.xcdatamodel;
		};
/* End XCVersionGroup section */
	};
	rootObject = 7509F4C71DF0564F00E1EBD3 /* Project object */;
}
