// !$*UTF8*$!
{
	archiveVersion = 1;
	classes = {
	};
	objectVersion = 50;
	objects = {

/* Begin PBXBuildFile section */
		75099CF820F8A385001A1F39 /* credentials.plist in Resources */ = {isa = PBXBuildFile; fileRef = 75099CF720F8A385001A1F39 /* credentials.plist */; };
		75099CFA20F8A490001A1F39 /* Configuration.swift in Sources */ = {isa = PBXBuildFile; fileRef = 75099CF920F8A490001A1F39 /* Configuration.swift */; };
		75099D0320F8B2E8001A1F39 /* CRUD.swift in Sources */ = {isa = PBXBuildFile; fileRef = 75099D0120F8B2E8001A1F39 /* CRUD.swift */; };
		75099D0420F8B2E8001A1F39 /* APIManager.swift in Sources */ = {isa = PBXBuildFile; fileRef = 75099D0220F8B2E8001A1F39 /* APIManager.swift */; };
		75099D0720F8B758001A1F39 /* URL.swift in Sources */ = {isa = PBXBuildFile; fileRef = 75099D0620F8B758001A1F39 /* URL.swift */; };
		75099D0920F8B814001A1F39 /* UIAlertController.swift in Sources */ = {isa = PBXBuildFile; fileRef = 75099D0820F8B814001A1F39 /* UIAlertController.swift */; };
		75099D0C20F8B982001A1F39 /* Post.swift in Sources */ = {isa = PBXBuildFile; fileRef = 75099D0B20F8B981001A1F39 /* Post.swift */; };
		75099D0E20F8D46D001A1F39 /* APIManager+Versions.swift in Sources */ = {isa = PBXBuildFile; fileRef = 75099D0D20F8D46D001A1F39 /* APIManager+Versions.swift */; };
		75099D1020F8D5BF001A1F39 /* RawRepresentable.swift in Sources */ = {isa = PBXBuildFile; fileRef = 75099D0F20F8D5BF001A1F39 /* RawRepresentable.swift */; };
		75099D1220F8E50B001A1F39 /* ContentTableView.swift in Sources */ = {isa = PBXBuildFile; fileRef = 75099D1120F8E50A001A1F39 /* ContentTableView.swift */; };
		75099D1420F8E9AD001A1F39 /* PostTableViewCell.swift in Sources */ = {isa = PBXBuildFile; fileRef = 75099D1320F8E9AD001A1F39 /* PostTableViewCell.swift */; };
		75099D1620F8F578001A1F39 /* ContentTypeSegmentedControl.swift in Sources */ = {isa = PBXBuildFile; fileRef = 75099D1520F8F578001A1F39 /* ContentTypeSegmentedControl.swift */; };
		75099D1820F8F5B5001A1F39 /* APIConstants.swift in Sources */ = {isa = PBXBuildFile; fileRef = 75099D1720F8F5B5001A1F39 /* APIConstants.swift */; };
		75099D1C20F8F998001A1F39 /* ContentWebView.swift in Sources */ = {isa = PBXBuildFile; fileRef = 75099D1B20F8F998001A1F39 /* ContentWebView.swift */; };
		75099D2020F8FAC2001A1F39 /* Country.swift in Sources */ = {isa = PBXBuildFile; fileRef = 75099D1F20F8FAC2001A1F39 /* Country.swift */; };
		75099D2220F8FC70001A1F39 /* ContentType.swift in Sources */ = {isa = PBXBuildFile; fileRef = 75099D2120F8FC70001A1F39 /* ContentType.swift */; };
		75099D2620F8FF0C001A1F39 /* Video.swift in Sources */ = {isa = PBXBuildFile; fileRef = 75099D2520F8FF0C001A1F39 /* Video.swift */; };
		75099D2A20F9046E001A1F39 /* Environment.swift in Sources */ = {isa = PBXBuildFile; fileRef = 75099D2920F9046E001A1F39 /* Environment.swift */; };
		75099D2E20F9064F001A1F39 /* CountryTableViewCell.swift in Sources */ = {isa = PBXBuildFile; fileRef = 75099D2D20F9064F001A1F39 /* CountryTableViewCell.swift */; };
		75099D3020F90664001A1F39 /* VideoTableViewCell.swift in Sources */ = {isa = PBXBuildFile; fileRef = 75099D2F20F90664001A1F39 /* VideoTableViewCell.swift */; };
		751C815E2275FCFC00BB93F8 /* APIManager+Deploy.swift in Sources */ = {isa = PBXBuildFile; fileRef = 751C815D2275FCFC00BB93F8 /* APIManager+Deploy.swift */; };
		7524E5482275E11C00436D26 /* SettingsViewController.swift in Sources */ = {isa = PBXBuildFile; fileRef = 7524E5472275E11C00436D26 /* SettingsViewController.swift */; };
		7524E54C2275F6AB00436D26 /* EnvironmentCollectionViewCell.swift in Sources */ = {isa = PBXBuildFile; fileRef = 7524E54B2275F6AB00436D26 /* EnvironmentCollectionViewCell.swift */; };
		7524E54E2275F6E200436D26 /* SettingsDelegate.swift in Sources */ = {isa = PBXBuildFile; fileRef = 7524E54D2275F6E200436D26 /* SettingsDelegate.swift */; };
		7524E5502275F6F700436D26 /* Settings.swift in Sources */ = {isa = PBXBuildFile; fileRef = 7524E54F2275F6F700436D26 /* Settings.swift */; };
		752B22BD21022392004FF82A /* ImagePicker.swift in Sources */ = {isa = PBXBuildFile; fileRef = 752B22BC21022392004FF82A /* ImagePicker.swift */; };
		752B22BF21022EE9004FF82A /* APIManager+Upload.swift in Sources */ = {isa = PBXBuildFile; fileRef = 752B22BE21022EE8004FF82A /* APIManager+Upload.swift */; };
		753064C022760234009102C4 /* Localizable.strings in Resources */ = {isa = PBXBuildFile; fileRef = 753064C222760234009102C4 /* Localizable.strings */; };
		753F3B4D20FCA49C0015CB23 /* DetailViewController.swift in Sources */ = {isa = PBXBuildFile; fileRef = 753F3B4C20FCA49C0015CB23 /* DetailViewController.swift */; };
		753F3B4F20FCAA530015CB23 /* Dashboard.storyboard in Resources */ = {isa = PBXBuildFile; fileRef = 753F3B4E20FCAA530015CB23 /* Dashboard.storyboard */; };
		753F3B5120FCAADD0015CB23 /* Settings.storyboard in Resources */ = {isa = PBXBuildFile; fileRef = 753F3B5020FCAADD0015CB23 /* Settings.storyboard */; };
		753F3B5420FCABF40015CB23 /* DetailViewRooter.swift in Sources */ = {isa = PBXBuildFile; fileRef = 753F3B5320FCABF40015CB23 /* DetailViewRooter.swift */; };
		753F3B5620FCAEC00015CB23 /* DetailViewConstants.swift in Sources */ = {isa = PBXBuildFile; fileRef = 753F3B5520FCAEC00015CB23 /* DetailViewConstants.swift */; };
		753F3B5A20FCDA9B0015CB23 /* APIManager+Models.swift in Sources */ = {isa = PBXBuildFile; fileRef = 753F3B5920FCDA9B0015CB23 /* APIManager+Models.swift */; };
		753F3B5D20FCE1070015CB23 /* Post+CRUD.swift in Sources */ = {isa = PBXBuildFile; fileRef = 753F3B5C20FCE1070015CB23 /* Post+CRUD.swift */; };
		753F3B5F20FCE11E0015CB23 /* Country+CRUD.swift in Sources */ = {isa = PBXBuildFile; fileRef = 753F3B5E20FCE11E0015CB23 /* Country+CRUD.swift */; };
		753F3B6120FCE1340015CB23 /* Video+CRUD.swift in Sources */ = {isa = PBXBuildFile; fileRef = 753F3B6020FCE1340015CB23 /* Video+CRUD.swift */; };
		753F3B6320FCE15D0015CB23 /* Model.swift in Sources */ = {isa = PBXBuildFile; fileRef = 753F3B6220FCE15D0015CB23 /* Model.swift */; };
		75532DEA20FA5EEA001DDCFC /* CountryDetailViewController.swift in Sources */ = {isa = PBXBuildFile; fileRef = 75532DE920FA5EEA001DDCFC /* CountryDetailViewController.swift */; };
		75532DF020FC9AE0001DDCFC /* DetailView.storyboard in Resources */ = {isa = PBXBuildFile; fileRef = 75532DEF20FC9AE0001DDCFC /* DetailView.storyboard */; };
		755A4E4220FD02EA005656C8 /* String.swift in Sources */ = {isa = PBXBuildFile; fileRef = 755A4E4120FD02EA005656C8 /* String.swift */; };
		755A4E4420FD130B005656C8 /* ContentManager.swift in Sources */ = {isa = PBXBuildFile; fileRef = 755A4E4320FD130B005656C8 /* ContentManager.swift */; };
		755A4E4620FD1368005656C8 /* ContentManagerDelegate.swift in Sources */ = {isa = PBXBuildFile; fileRef = 755A4E4520FD1368005656C8 /* ContentManagerDelegate.swift */; };
		7566088220F89577005711BF /* AppDelegate.swift in Sources */ = {isa = PBXBuildFile; fileRef = 7566088120F89577005711BF /* AppDelegate.swift */; };
		7566088420F89577005711BF /* DashboardViewController.swift in Sources */ = {isa = PBXBuildFile; fileRef = 7566088320F89577005711BF /* DashboardViewController.swift */; };
		7566088620F89577005711BF /* WebViewController.swift in Sources */ = {isa = PBXBuildFile; fileRef = 7566088520F89577005711BF /* WebViewController.swift */; };
		7566088920F89577005711BF /* Main.storyboard in Resources */ = {isa = PBXBuildFile; fileRef = 7566088720F89577005711BF /* Main.storyboard */; };
		7566088B20F89579005711BF /* Assets.xcassets in Resources */ = {isa = PBXBuildFile; fileRef = 7566088A20F89579005711BF /* Assets.xcassets */; };
		7566088E20F89579005711BF /* LaunchScreen.storyboard in Resources */ = {isa = PBXBuildFile; fileRef = 7566088C20F89579005711BF /* LaunchScreen.storyboard */; };
		7573ABCA22784CA40071C2E9 /* LinearProgressView.swift in Sources */ = {isa = PBXBuildFile; fileRef = 7573ABC922784CA40071C2E9 /* LinearProgressView.swift */; };
		7573ABCC22784D3F0071C2E9 /* NSLayoutConstraint.swift in Sources */ = {isa = PBXBuildFile; fileRef = 7573ABCB22784D3F0071C2E9 /* NSLayoutConstraint.swift */; };
		7573ABCE22784D7D0071C2E9 /* UIView.swift in Sources */ = {isa = PBXBuildFile; fileRef = 7573ABCD22784D7D0071C2E9 /* UIView.swift */; };
		7590460A2274BAC9002484A2 /* ContentManagerDataSource.swift in Sources */ = {isa = PBXBuildFile; fileRef = 759046092274BAC9002484A2 /* ContentManagerDataSource.swift */; };
		7590460C2274E717002484A2 /* DashboardDelegate.swift in Sources */ = {isa = PBXBuildFile; fileRef = 7590460B2274E717002484A2 /* DashboardDelegate.swift */; };
		75A2736622B954AD00AB5D2D /* AssetLocation.swift in Sources */ = {isa = PBXBuildFile; fileRef = 75A2736522B954AD00AB5D2D /* AssetLocation.swift */; };
		75CF12DD2274AC1A006EA6B3 /* DetailScrollView.swift in Sources */ = {isa = PBXBuildFile; fileRef = 75CF12DC2274AC1A006EA6B3 /* DetailScrollView.swift */; };
		75D859482101FAF60073C1BD /* PostDetailViewController.swift in Sources */ = {isa = PBXBuildFile; fileRef = 75D859472101FAF60073C1BD /* PostDetailViewController.swift */; };
		75D8594B210202AB0073C1BD /* AssetManager.swift in Sources */ = {isa = PBXBuildFile; fileRef = 75D8594A210202AB0073C1BD /* AssetManager.swift */; };
		75D8594D210204680073C1BD /* VideoDetailViewController.swift in Sources */ = {isa = PBXBuildFile; fileRef = 75D8594C210204680073C1BD /* VideoDetailViewController.swift */; };
		75D8594F2102067C0073C1BD /* APIManager+Images.swift in Sources */ = {isa = PBXBuildFile; fileRef = 75D8594E2102067C0073C1BD /* APIManager+Images.swift */; };
		793298311A6D6726A4E3781F /* Pods_PictureMyWorld.framework in Frameworks */ = {isa = PBXBuildFile; fileRef = F6E141CE60DB45694BA2D099 /* Pods_PictureMyWorld.framework */; };
/* End PBXBuildFile section */

/* Begin PBXFileReference section */
		52B371298DF7DB77C97E1C29 /* Pods-PictureMyWorld.release.xcconfig */ = {isa = PBXFileReference; includeInIndex = 1; lastKnownFileType = text.xcconfig; name = "Pods-PictureMyWorld.release.xcconfig"; path = "Pods/Target Support Files/Pods-PictureMyWorld/Pods-PictureMyWorld.release.xcconfig"; sourceTree = "<group>"; };
		5B7F55F1D136AB2CD125CBC1 /* Pods-PictureMyWorld.debug.xcconfig */ = {isa = PBXFileReference; includeInIndex = 1; lastKnownFileType = text.xcconfig; name = "Pods-PictureMyWorld.debug.xcconfig"; path = "Pods/Target Support Files/Pods-PictureMyWorld/Pods-PictureMyWorld.debug.xcconfig"; sourceTree = "<group>"; };
		75099CF720F8A385001A1F39 /* credentials.plist */ = {isa = PBXFileReference; fileEncoding = 4; lastKnownFileType = text.plist.xml; path = credentials.plist; sourceTree = "<group>"; };
		75099CF920F8A490001A1F39 /* Configuration.swift */ = {isa = PBXFileReference; lastKnownFileType = sourcecode.swift; path = Configuration.swift; sourceTree = "<group>"; };
		75099D0120F8B2E8001A1F39 /* CRUD.swift */ = {isa = PBXFileReference; fileEncoding = 4; lastKnownFileType = sourcecode.swift; path = CRUD.swift; sourceTree = "<group>"; };
		75099D0220F8B2E8001A1F39 /* APIManager.swift */ = {isa = PBXFileReference; fileEncoding = 4; lastKnownFileType = sourcecode.swift; path = APIManager.swift; sourceTree = "<group>"; };
		75099D0620F8B758001A1F39 /* URL.swift */ = {isa = PBXFileReference; fileEncoding = 4; lastKnownFileType = sourcecode.swift; path = URL.swift; sourceTree = "<group>"; };
		75099D0820F8B814001A1F39 /* UIAlertController.swift */ = {isa = PBXFileReference; fileEncoding = 4; lastKnownFileType = sourcecode.swift; path = UIAlertController.swift; sourceTree = "<group>"; };
		75099D0B20F8B981001A1F39 /* Post.swift */ = {isa = PBXFileReference; lastKnownFileType = sourcecode.swift; path = Post.swift; sourceTree = "<group>"; };
		75099D0D20F8D46D001A1F39 /* APIManager+Versions.swift */ = {isa = PBXFileReference; lastKnownFileType = sourcecode.swift; path = "APIManager+Versions.swift"; sourceTree = "<group>"; };
		75099D0F20F8D5BF001A1F39 /* RawRepresentable.swift */ = {isa = PBXFileReference; fileEncoding = 4; lastKnownFileType = sourcecode.swift; path = RawRepresentable.swift; sourceTree = "<group>"; };
		75099D1120F8E50A001A1F39 /* ContentTableView.swift */ = {isa = PBXFileReference; lastKnownFileType = sourcecode.swift; path = ContentTableView.swift; sourceTree = "<group>"; };
		75099D1320F8E9AD001A1F39 /* PostTableViewCell.swift */ = {isa = PBXFileReference; lastKnownFileType = sourcecode.swift; path = PostTableViewCell.swift; sourceTree = "<group>"; };
		75099D1520F8F578001A1F39 /* ContentTypeSegmentedControl.swift */ = {isa = PBXFileReference; lastKnownFileType = sourcecode.swift; path = ContentTypeSegmentedControl.swift; sourceTree = "<group>"; };
		75099D1720F8F5B5001A1F39 /* APIConstants.swift */ = {isa = PBXFileReference; lastKnownFileType = sourcecode.swift; path = APIConstants.swift; sourceTree = "<group>"; };
		75099D1B20F8F998001A1F39 /* ContentWebView.swift */ = {isa = PBXFileReference; lastKnownFileType = sourcecode.swift; path = ContentWebView.swift; sourceTree = "<group>"; };
		75099D1F20F8FAC2001A1F39 /* Country.swift */ = {isa = PBXFileReference; lastKnownFileType = sourcecode.swift; path = Country.swift; sourceTree = "<group>"; };
		75099D2120F8FC70001A1F39 /* ContentType.swift */ = {isa = PBXFileReference; lastKnownFileType = sourcecode.swift; path = ContentType.swift; sourceTree = "<group>"; };
		75099D2520F8FF0C001A1F39 /* Video.swift */ = {isa = PBXFileReference; lastKnownFileType = sourcecode.swift; path = Video.swift; sourceTree = "<group>"; };
		75099D2920F9046E001A1F39 /* Environment.swift */ = {isa = PBXFileReference; lastKnownFileType = sourcecode.swift; path = Environment.swift; sourceTree = "<group>"; };
		75099D2D20F9064F001A1F39 /* CountryTableViewCell.swift */ = {isa = PBXFileReference; lastKnownFileType = sourcecode.swift; path = CountryTableViewCell.swift; sourceTree = "<group>"; };
		75099D2F20F90664001A1F39 /* VideoTableViewCell.swift */ = {isa = PBXFileReference; lastKnownFileType = sourcecode.swift; path = VideoTableViewCell.swift; sourceTree = "<group>"; };
		751C815D2275FCFC00BB93F8 /* APIManager+Deploy.swift */ = {isa = PBXFileReference; lastKnownFileType = sourcecode.swift; path = "APIManager+Deploy.swift"; sourceTree = "<group>"; };
		7524E5472275E11C00436D26 /* SettingsViewController.swift */ = {isa = PBXFileReference; lastKnownFileType = sourcecode.swift; path = SettingsViewController.swift; sourceTree = "<group>"; };
		7524E54B2275F6AB00436D26 /* EnvironmentCollectionViewCell.swift */ = {isa = PBXFileReference; lastKnownFileType = sourcecode.swift; path = EnvironmentCollectionViewCell.swift; sourceTree = "<group>"; };
		7524E54D2275F6E200436D26 /* SettingsDelegate.swift */ = {isa = PBXFileReference; lastKnownFileType = sourcecode.swift; path = SettingsDelegate.swift; sourceTree = "<group>"; };
		7524E54F2275F6F700436D26 /* Settings.swift */ = {isa = PBXFileReference; lastKnownFileType = sourcecode.swift; path = Settings.swift; sourceTree = "<group>"; };
		752B22BC21022392004FF82A /* ImagePicker.swift */ = {isa = PBXFileReference; lastKnownFileType = sourcecode.swift; path = ImagePicker.swift; sourceTree = "<group>"; };
		752B22BE21022EE8004FF82A /* APIManager+Upload.swift */ = {isa = PBXFileReference; lastKnownFileType = sourcecode.swift; name = "APIManager+Upload.swift"; path = "/Users/kevindelord/Projects/picturemyworld-iOS/PictureMyWorld/API/APIManager+Upload.swift"; sourceTree = "<absolute>"; };
		753064C122760234009102C4 /* en */ = {isa = PBXFileReference; lastKnownFileType = text.plist.strings; name = en; path = en.lproj/Localizable.strings; sourceTree = "<group>"; };
		753F3B4C20FCA49C0015CB23 /* DetailViewController.swift */ = {isa = PBXFileReference; lastKnownFileType = sourcecode.swift; path = DetailViewController.swift; sourceTree = "<group>"; };
		753F3B4E20FCAA530015CB23 /* Dashboard.storyboard */ = {isa = PBXFileReference; lastKnownFileType = file.storyboard; path = Dashboard.storyboard; sourceTree = "<group>"; };
		753F3B5020FCAADD0015CB23 /* Settings.storyboard */ = {isa = PBXFileReference; lastKnownFileType = file.storyboard; path = Settings.storyboard; sourceTree = "<group>"; };
		753F3B5320FCABF40015CB23 /* DetailViewRooter.swift */ = {isa = PBXFileReference; fileEncoding = 4; lastKnownFileType = sourcecode.swift; path = DetailViewRooter.swift; sourceTree = "<group>"; };
		753F3B5520FCAEC00015CB23 /* DetailViewConstants.swift */ = {isa = PBXFileReference; lastKnownFileType = sourcecode.swift; path = DetailViewConstants.swift; sourceTree = "<group>"; };
		753F3B5920FCDA9B0015CB23 /* APIManager+Models.swift */ = {isa = PBXFileReference; lastKnownFileType = sourcecode.swift; path = "APIManager+Models.swift"; sourceTree = "<group>"; };
		753F3B5C20FCE1070015CB23 /* Post+CRUD.swift */ = {isa = PBXFileReference; lastKnownFileType = sourcecode.swift; path = "Post+CRUD.swift"; sourceTree = "<group>"; };
		753F3B5E20FCE11E0015CB23 /* Country+CRUD.swift */ = {isa = PBXFileReference; lastKnownFileType = sourcecode.swift; path = "Country+CRUD.swift"; sourceTree = "<group>"; };
		753F3B6020FCE1340015CB23 /* Video+CRUD.swift */ = {isa = PBXFileReference; lastKnownFileType = sourcecode.swift; path = "Video+CRUD.swift"; sourceTree = "<group>"; };
		753F3B6220FCE15D0015CB23 /* Model.swift */ = {isa = PBXFileReference; lastKnownFileType = sourcecode.swift; path = Model.swift; sourceTree = "<group>"; };
		75532DE920FA5EEA001DDCFC /* CountryDetailViewController.swift */ = {isa = PBXFileReference; lastKnownFileType = sourcecode.swift; path = CountryDetailViewController.swift; sourceTree = "<group>"; };
		75532DEF20FC9AE0001DDCFC /* DetailView.storyboard */ = {isa = PBXFileReference; lastKnownFileType = file.storyboard; path = DetailView.storyboard; sourceTree = "<group>"; };
		755A4E4120FD02EA005656C8 /* String.swift */ = {isa = PBXFileReference; lastKnownFileType = sourcecode.swift; path = String.swift; sourceTree = "<group>"; };
		755A4E4320FD130B005656C8 /* ContentManager.swift */ = {isa = PBXFileReference; lastKnownFileType = sourcecode.swift; path = ContentManager.swift; sourceTree = "<group>"; };
		755A4E4520FD1368005656C8 /* ContentManagerDelegate.swift */ = {isa = PBXFileReference; lastKnownFileType = sourcecode.swift; path = ContentManagerDelegate.swift; sourceTree = "<group>"; };
		7566087E20F89577005711BF /* PictureMyWorld.app */ = {isa = PBXFileReference; explicitFileType = wrapper.application; includeInIndex = 0; path = PictureMyWorld.app; sourceTree = BUILT_PRODUCTS_DIR; };
		7566088120F89577005711BF /* AppDelegate.swift */ = {isa = PBXFileReference; lastKnownFileType = sourcecode.swift; path = AppDelegate.swift; sourceTree = "<group>"; };
		7566088320F89577005711BF /* DashboardViewController.swift */ = {isa = PBXFileReference; lastKnownFileType = sourcecode.swift; path = DashboardViewController.swift; sourceTree = "<group>"; };
		7566088520F89577005711BF /* WebViewController.swift */ = {isa = PBXFileReference; lastKnownFileType = sourcecode.swift; path = WebViewController.swift; sourceTree = "<group>"; };
		7566088820F89577005711BF /* Base */ = {isa = PBXFileReference; lastKnownFileType = file.storyboard; name = Base; path = Base.lproj/Main.storyboard; sourceTree = "<group>"; };
		7566088A20F89579005711BF /* Assets.xcassets */ = {isa = PBXFileReference; lastKnownFileType = folder.assetcatalog; path = Assets.xcassets; sourceTree = "<group>"; };
		7566088D20F89579005711BF /* Base */ = {isa = PBXFileReference; lastKnownFileType = file.storyboard; name = Base; path = Base.lproj/LaunchScreen.storyboard; sourceTree = "<group>"; };
		7566088F20F89579005711BF /* PictureMyWorld-iOS-Info.plist */ = {isa = PBXFileReference; lastKnownFileType = text.plist.xml; path = "PictureMyWorld-iOS-Info.plist"; sourceTree = "<group>"; };
		7573ABC922784CA40071C2E9 /* LinearProgressView.swift */ = {isa = PBXFileReference; fileEncoding = 4; lastKnownFileType = sourcecode.swift; path = LinearProgressView.swift; sourceTree = "<group>"; };
		7573ABCB22784D3F0071C2E9 /* NSLayoutConstraint.swift */ = {isa = PBXFileReference; fileEncoding = 4; lastKnownFileType = sourcecode.swift; path = NSLayoutConstraint.swift; sourceTree = "<group>"; };
		7573ABCD22784D7D0071C2E9 /* UIView.swift */ = {isa = PBXFileReference; fileEncoding = 4; lastKnownFileType = sourcecode.swift; path = UIView.swift; sourceTree = "<group>"; };
		759046092274BAC9002484A2 /* ContentManagerDataSource.swift */ = {isa = PBXFileReference; lastKnownFileType = sourcecode.swift; path = ContentManagerDataSource.swift; sourceTree = "<group>"; };
		7590460B2274E717002484A2 /* DashboardDelegate.swift */ = {isa = PBXFileReference; lastKnownFileType = sourcecode.swift; path = DashboardDelegate.swift; sourceTree = "<group>"; };
		75A2736522B954AD00AB5D2D /* AssetLocation.swift */ = {isa = PBXFileReference; lastKnownFileType = sourcecode.swift; path = AssetLocation.swift; sourceTree = "<group>"; };
		75CF12DC2274AC1A006EA6B3 /* DetailScrollView.swift */ = {isa = PBXFileReference; lastKnownFileType = sourcecode.swift; path = DetailScrollView.swift; sourceTree = "<group>"; };
		75D859472101FAF60073C1BD /* PostDetailViewController.swift */ = {isa = PBXFileReference; lastKnownFileType = sourcecode.swift; path = PostDetailViewController.swift; sourceTree = "<group>"; };
		75D8594A210202AB0073C1BD /* AssetManager.swift */ = {isa = PBXFileReference; fileEncoding = 4; lastKnownFileType = sourcecode.swift; path = AssetManager.swift; sourceTree = "<group>"; };
		75D8594C210204680073C1BD /* VideoDetailViewController.swift */ = {isa = PBXFileReference; lastKnownFileType = sourcecode.swift; path = VideoDetailViewController.swift; sourceTree = "<group>"; };
		75D8594E2102067C0073C1BD /* APIManager+Images.swift */ = {isa = PBXFileReference; lastKnownFileType = sourcecode.swift; path = "APIManager+Images.swift"; sourceTree = "<group>"; };
		F6E141CE60DB45694BA2D099 /* Pods_PictureMyWorld.framework */ = {isa = PBXFileReference; explicitFileType = wrapper.framework; includeInIndex = 0; path = Pods_PictureMyWorld.framework; sourceTree = BUILT_PRODUCTS_DIR; };
/* End PBXFileReference section */

/* Begin PBXFrameworksBuildPhase section */
		7566087B20F89577005711BF /* Frameworks */ = {
			isa = PBXFrameworksBuildPhase;
			buildActionMask = 2147483647;
			files = (
				793298311A6D6726A4E3781F /* Pods_PictureMyWorld.framework in Frameworks */,
			);
			runOnlyForDeploymentPostprocessing = 0;
		};
/* End PBXFrameworksBuildPhase section */

/* Begin PBXGroup section */
		58A9229DE54424D6CD12DF65 /* Pods */ = {
			isa = PBXGroup;
			children = (
				5B7F55F1D136AB2CD125CBC1 /* Pods-PictureMyWorld.debug.xcconfig */,
				52B371298DF7DB77C97E1C29 /* Pods-PictureMyWorld.release.xcconfig */,
			);
			name = Pods;
			sourceTree = "<group>";
		};
		75099D0020F8B2E8001A1F39 /* API */ = {
			isa = PBXGroup;
			children = (
				753F3B5B20FCE0F60015CB23 /* CRUD */,
				752B22BE21022EE8004FF82A /* APIManager+Upload.swift */,
				75099D1720F8F5B5001A1F39 /* APIConstants.swift */,
				75099D0220F8B2E8001A1F39 /* APIManager.swift */,
				75099D0D20F8D46D001A1F39 /* APIManager+Versions.swift */,
				751C815D2275FCFC00BB93F8 /* APIManager+Deploy.swift */,
				753F3B5920FCDA9B0015CB23 /* APIManager+Models.swift */,
				75D8594E2102067C0073C1BD /* APIManager+Images.swift */,
			);
			path = API;
			sourceTree = "<group>";
		};
		75099D0520F8B758001A1F39 /* Extensions */ = {
			isa = PBXGroup;
			children = (
				7573ABCD22784D7D0071C2E9 /* UIView.swift */,
				7573ABCB22784D3F0071C2E9 /* NSLayoutConstraint.swift */,
				75099D0F20F8D5BF001A1F39 /* RawRepresentable.swift */,
				75099D0820F8B814001A1F39 /* UIAlertController.swift */,
				75099D0620F8B758001A1F39 /* URL.swift */,
				755A4E4120FD02EA005656C8 /* String.swift */,
			);
			path = Extensions;
			sourceTree = "<group>";
		};
		75099D0A20F8B976001A1F39 /* Models */ = {
			isa = PBXGroup;
			children = (
				75099D2120F8FC70001A1F39 /* ContentType.swift */,
				75099D2920F9046E001A1F39 /* Environment.swift */,
				753F3B6220FCE15D0015CB23 /* Model.swift */,
				75099D0B20F8B981001A1F39 /* Post.swift */,
				75099D1F20F8FAC2001A1F39 /* Country.swift */,
				75099D2520F8FF0C001A1F39 /* Video.swift */,
			);
			path = Models;
			sourceTree = "<group>";
		};
		75099D2720F901C3001A1F39 /* WebViewer */ = {
			isa = PBXGroup;
			children = (
				75099D1B20F8F998001A1F39 /* ContentWebView.swift */,
				7566088520F89577005711BF /* WebViewController.swift */,
			);
			path = WebViewer;
			sourceTree = "<group>";
		};
		75099D2820F901DB001A1F39 /* Dashboard */ = {
			isa = PBXGroup;
			children = (
				753064C322760742009102C4 /* ContentTypeSegmentedControl */,
				755A4E3F20FCE9A3005656C8 /* ContentManager */,
				75099D2C20F9063C001A1F39 /* ContentTableViewCells */,
				755A4E4720FD138C005656C8 /* ContentTableView */,
				7566088320F89577005711BF /* DashboardViewController.swift */,
				7590460B2274E717002484A2 /* DashboardDelegate.swift */,
			);
			path = Dashboard;
			sourceTree = "<group>";
		};
		75099D2B20F904CA001A1F39 /* Resources */ = {
			isa = PBXGroup;
			children = (
				7566088A20F89579005711BF /* Assets.xcassets */,
				7566088720F89577005711BF /* Main.storyboard */,
				753F3B4E20FCAA530015CB23 /* Dashboard.storyboard */,
				75532DEF20FC9AE0001DDCFC /* DetailView.storyboard */,
				753F3B5020FCAADD0015CB23 /* Settings.storyboard */,
				7566088C20F89579005711BF /* LaunchScreen.storyboard */,
				7566088F20F89579005711BF /* PictureMyWorld-iOS-Info.plist */,
				753064C222760234009102C4 /* Localizable.strings */,
			);
			path = Resources;
			sourceTree = "<group>";
		};
		75099D2C20F9063C001A1F39 /* ContentTableViewCells */ = {
			isa = PBXGroup;
			children = (
				75099D1320F8E9AD001A1F39 /* PostTableViewCell.swift */,
				75099D2D20F9064F001A1F39 /* CountryTableViewCell.swift */,
				75099D2F20F90664001A1F39 /* VideoTableViewCell.swift */,
			);
			path = ContentTableViewCells;
			sourceTree = "<group>";
		};
		7524E5462275E10800436D26 /* Settings */ = {
			isa = PBXGroup;
			children = (
				7524E54F2275F6F700436D26 /* Settings.swift */,
				7524E5472275E11C00436D26 /* SettingsViewController.swift */,
				7524E54D2275F6E200436D26 /* SettingsDelegate.swift */,
				7524E54B2275F6AB00436D26 /* EnvironmentCollectionViewCell.swift */,
			);
			path = Settings;
			sourceTree = "<group>";
		};
		752B22B721021CCE004FF82A /* Video */ = {
			isa = PBXGroup;
			children = (
				75D8594C210204680073C1BD /* VideoDetailViewController.swift */,
			);
			path = Video;
			sourceTree = "<group>";
		};
		752B22B821021CD4004FF82A /* Post */ = {
			isa = PBXGroup;
			children = (
				75D859472101FAF60073C1BD /* PostDetailViewController.swift */,
				75A2736522B954AD00AB5D2D /* AssetLocation.swift */,
				752B22BC21022392004FF82A /* ImagePicker.swift */,
			);
			path = Post;
			sourceTree = "<group>";
		};
		752B22B921021CD9004FF82A /* Country */ = {
			isa = PBXGroup;
			children = (
				75532DE920FA5EEA001DDCFC /* CountryDetailViewController.swift */,
			);
			path = Country;
			sourceTree = "<group>";
		};
		753064C322760742009102C4 /* ContentTypeSegmentedControl */ = {
			isa = PBXGroup;
			children = (
				75099D1520F8F578001A1F39 /* ContentTypeSegmentedControl.swift */,
			);
			path = ContentTypeSegmentedControl;
			sourceTree = "<group>";
		};
		753F3B5220FCABA80015CB23 /* App */ = {
			isa = PBXGroup;
			children = (
				7524E5462275E10800436D26 /* Settings */,
				75099D2820F901DB001A1F39 /* Dashboard */,
				75532DE820FA5EDB001DDCFC /* DetailView */,
				75099D2720F901C3001A1F39 /* WebViewer */,
			);
			path = App;
			sourceTree = "<group>";
		};
		753F3B5B20FCE0F60015CB23 /* CRUD */ = {
			isa = PBXGroup;
			children = (
				75099D0120F8B2E8001A1F39 /* CRUD.swift */,
				753F3B6020FCE1340015CB23 /* Video+CRUD.swift */,
				753F3B5E20FCE11E0015CB23 /* Country+CRUD.swift */,
				753F3B5C20FCE1070015CB23 /* Post+CRUD.swift */,
			);
			path = CRUD;
			sourceTree = "<group>";
		};
		75532DE820FA5EDB001DDCFC /* DetailView */ = {
			isa = PBXGroup;
			children = (
				75CF12DC2274AC1A006EA6B3 /* DetailScrollView.swift */,
				753F3B5320FCABF40015CB23 /* DetailViewRooter.swift */,
				753F3B5520FCAEC00015CB23 /* DetailViewConstants.swift */,
				753F3B4C20FCA49C0015CB23 /* DetailViewController.swift */,
				752B22B921021CD9004FF82A /* Country */,
				752B22B821021CD4004FF82A /* Post */,
				752B22B721021CCE004FF82A /* Video */,
			);
			path = DetailView;
			sourceTree = "<group>";
		};
		755A4E3F20FCE9A3005656C8 /* ContentManager */ = {
			isa = PBXGroup;
			children = (
				755A4E4520FD1368005656C8 /* ContentManagerDelegate.swift */,
				759046092274BAC9002484A2 /* ContentManagerDataSource.swift */,
				755A4E4320FD130B005656C8 /* ContentManager.swift */,
			);
			path = ContentManager;
			sourceTree = "<group>";
		};
		755A4E4720FD138C005656C8 /* ContentTableView */ = {
			isa = PBXGroup;
			children = (
				75099D1120F8E50A001A1F39 /* ContentTableView.swift */,
			);
			path = ContentTableView;
			sourceTree = "<group>";
		};
		7566087520F89577005711BF = {
			isa = PBXGroup;
			children = (
				7566088020F89577005711BF /* PictureMyWorld */,
				7566087F20F89577005711BF /* Products */,
				58A9229DE54424D6CD12DF65 /* Pods */,
				FB1392B8801B74D120277B27 /* Frameworks */,
			);
			sourceTree = "<group>";
		};
		7566087F20F89577005711BF /* Products */ = {
			isa = PBXGroup;
			children = (
				7566087E20F89577005711BF /* PictureMyWorld.app */,
			);
			name = Products;
			sourceTree = "<group>";
		};
		7566088020F89577005711BF /* PictureMyWorld */ = {
			isa = PBXGroup;
			children = (
				7573ABC822784CA40071C2E9 /* Helpers */,
				753F3B5220FCABA80015CB23 /* App */,
				75099D0A20F8B976001A1F39 /* Models */,
				75099D0520F8B758001A1F39 /* Extensions */,
				75099D0020F8B2E8001A1F39 /* API */,
				75099D2B20F904CA001A1F39 /* Resources */,
				75099CF720F8A385001A1F39 /* credentials.plist */,
				75099CF920F8A490001A1F39 /* Configuration.swift */,
				7566088120F89577005711BF /* AppDelegate.swift */,
			);
			path = PictureMyWorld;
			sourceTree = "<group>";
		};
		7573ABC822784CA40071C2E9 /* Helpers */ = {
			isa = PBXGroup;
			children = (
				75D8594A210202AB0073C1BD /* AssetManager.swift */,
				7573ABC922784CA40071C2E9 /* LinearProgressView.swift */,
			);
			path = Helpers;
			sourceTree = "<group>";
		};
		FB1392B8801B74D120277B27 /* Frameworks */ = {
			isa = PBXGroup;
			children = (
				F6E141CE60DB45694BA2D099 /* Pods_PictureMyWorld.framework */,
			);
			name = Frameworks;
			sourceTree = "<group>";
		};
/* End PBXGroup section */

/* Begin PBXNativeTarget section */
		7566087D20F89577005711BF /* PictureMyWorld */ = {
			isa = PBXNativeTarget;
			buildConfigurationList = 7566089220F89579005711BF /* Build configuration list for PBXNativeTarget "PictureMyWorld" */;
			buildPhases = (
				3E3C8213C7A57DA2CC1F9C34 /* [CP] Check Pods Manifest.lock */,
				7566087A20F89577005711BF /* Sources */,
				7566087B20F89577005711BF /* Frameworks */,
				7566087C20F89577005711BF /* Resources */,
				222A3C906D02F1047BAD4A7C /* [CP] Embed Pods Frameworks */,
			);
			buildRules = (
			);
			dependencies = (
			);
			name = PictureMyWorld;
			productName = PictureMyWorld;
			productReference = 7566087E20F89577005711BF /* PictureMyWorld.app */;
			productType = "com.apple.product-type.application";
		};
/* End PBXNativeTarget section */

/* Begin PBXProject section */
		7566087620F89577005711BF /* Project object */ = {
			isa = PBXProject;
			attributes = {
				LastSwiftUpdateCheck = 0940;
				LastUpgradeCheck = 0940;
				ORGANIZATIONNAME = "Kevin Delord";
				TargetAttributes = {
					7566087D20F89577005711BF = {
						CreatedOnToolsVersion = 9.4.1;
						LastSwiftMigration = 1020;
					};
				};
			};
			buildConfigurationList = 7566087920F89577005711BF /* Build configuration list for PBXProject "PictureMyWorld" */;
			compatibilityVersion = "Xcode 9.3";
			developmentRegion = en;
			hasScannedForEncodings = 0;
			knownRegions = (
				en,
				Base,
			);
			mainGroup = 7566087520F89577005711BF;
			productRefGroup = 7566087F20F89577005711BF /* Products */;
			projectDirPath = "";
			projectRoot = "";
			targets = (
				7566087D20F89577005711BF /* PictureMyWorld */,
			);
		};
/* End PBXProject section */

/* Begin PBXResourcesBuildPhase section */
		7566087C20F89577005711BF /* Resources */ = {
			isa = PBXResourcesBuildPhase;
			buildActionMask = 2147483647;
			files = (
				7566088E20F89579005711BF /* LaunchScreen.storyboard in Resources */,
				75099CF820F8A385001A1F39 /* credentials.plist in Resources */,
				753F3B5120FCAADD0015CB23 /* Settings.storyboard in Resources */,
				75532DF020FC9AE0001DDCFC /* DetailView.storyboard in Resources */,
				7566088B20F89579005711BF /* Assets.xcassets in Resources */,
				753064C022760234009102C4 /* Localizable.strings in Resources */,
				753F3B4F20FCAA530015CB23 /* Dashboard.storyboard in Resources */,
				7566088920F89577005711BF /* Main.storyboard in Resources */,
			);
			runOnlyForDeploymentPostprocessing = 0;
		};
/* End PBXResourcesBuildPhase section */

/* Begin PBXShellScriptBuildPhase section */
		222A3C906D02F1047BAD4A7C /* [CP] Embed Pods Frameworks */ = {
			isa = PBXShellScriptBuildPhase;
			buildActionMask = 2147483647;
			files = (
			);
			inputFileListPaths = (
				"${PODS_ROOT}/Target Support Files/Pods-PictureMyWorld/Pods-PictureMyWorld-frameworks-${CONFIGURATION}-input-files.xcfilelist",
			);
			name = "[CP] Embed Pods Frameworks";
			outputFileListPaths = (
				"${PODS_ROOT}/Target Support Files/Pods-PictureMyWorld/Pods-PictureMyWorld-frameworks-${CONFIGURATION}-output-files.xcfilelist",
			);
			runOnlyForDeploymentPostprocessing = 0;
			shellPath = /bin/sh;
			shellScript = "\"${PODS_ROOT}/Target Support Files/Pods-PictureMyWorld/Pods-PictureMyWorld-frameworks.sh\"\n";
			showEnvVarsInLog = 0;
		};
		3E3C8213C7A57DA2CC1F9C34 /* [CP] Check Pods Manifest.lock */ = {
			isa = PBXShellScriptBuildPhase;
			buildActionMask = 2147483647;
			files = (
			);
			inputPaths = (
				"${PODS_PODFILE_DIR_PATH}/Podfile.lock",
				"${PODS_ROOT}/Manifest.lock",
			);
			name = "[CP] Check Pods Manifest.lock";
			outputPaths = (
				"$(DERIVED_FILE_DIR)/Pods-PictureMyWorld-checkManifestLockResult.txt",
			);
			runOnlyForDeploymentPostprocessing = 0;
			shellPath = /bin/sh;
			shellScript = "diff \"${PODS_PODFILE_DIR_PATH}/Podfile.lock\" \"${PODS_ROOT}/Manifest.lock\" > /dev/null\nif [ $? != 0 ] ; then\n    # print error to STDERR\n    echo \"error: The sandbox is not in sync with the Podfile.lock. Run 'pod install' or update your CocoaPods installation.\" >&2\n    exit 1\nfi\n# This output is used by Xcode 'outputs' to avoid re-running this script phase.\necho \"SUCCESS\" > \"${SCRIPT_OUTPUT_FILE_0}\"\n";
			showEnvVarsInLog = 0;
		};
/* End PBXShellScriptBuildPhase section */

/* Begin PBXSourcesBuildPhase section */
		7566087A20F89577005711BF /* Sources */ = {
			isa = PBXSourcesBuildPhase;
			buildActionMask = 2147483647;
			files = (
				75099D0420F8B2E8001A1F39 /* APIManager.swift in Sources */,
				7566088620F89577005711BF /* WebViewController.swift in Sources */,
				753F3B5620FCAEC00015CB23 /* DetailViewConstants.swift in Sources */,
				7590460A2274BAC9002484A2 /* ContentManagerDataSource.swift in Sources */,
				7573ABCA22784CA40071C2E9 /* LinearProgressView.swift in Sources */,
				75099D0E20F8D46D001A1F39 /* APIManager+Versions.swift in Sources */,
				75099D1220F8E50B001A1F39 /* ContentTableView.swift in Sources */,
				75099D3020F90664001A1F39 /* VideoTableViewCell.swift in Sources */,
				75099D1C20F8F998001A1F39 /* ContentWebView.swift in Sources */,
				7573ABCC22784D3F0071C2E9 /* NSLayoutConstraint.swift in Sources */,
				7524E5482275E11C00436D26 /* SettingsViewController.swift in Sources */,
				75099D2220F8FC70001A1F39 /* ContentType.swift in Sources */,
				75099D2A20F9046E001A1F39 /* Environment.swift in Sources */,
				7573ABCE22784D7D0071C2E9 /* UIView.swift in Sources */,
				75099D1820F8F5B5001A1F39 /* APIConstants.swift in Sources */,
				75CF12DD2274AC1A006EA6B3 /* DetailScrollView.swift in Sources */,
				753F3B5D20FCE1070015CB23 /* Post+CRUD.swift in Sources */,
				7524E54C2275F6AB00436D26 /* EnvironmentCollectionViewCell.swift in Sources */,
				75099D2620F8FF0C001A1F39 /* Video.swift in Sources */,
				75D8594B210202AB0073C1BD /* AssetManager.swift in Sources */,
				752B22BF21022EE9004FF82A /* APIManager+Upload.swift in Sources */,
				755A4E4220FD02EA005656C8 /* String.swift in Sources */,
				75D859482101FAF60073C1BD /* PostDetailViewController.swift in Sources */,
				75099D0320F8B2E8001A1F39 /* CRUD.swift in Sources */,
				752B22BD21022392004FF82A /* ImagePicker.swift in Sources */,
				753F3B5A20FCDA9B0015CB23 /* APIManager+Models.swift in Sources */,
				75D8594F2102067C0073C1BD /* APIManager+Images.swift in Sources */,
				755A4E4420FD130B005656C8 /* ContentManager.swift in Sources */,
				75099D2020F8FAC2001A1F39 /* Country.swift in Sources */,
				75D8594D210204680073C1BD /* VideoDetailViewController.swift in Sources */,
				75099D0720F8B758001A1F39 /* URL.swift in Sources */,
				753F3B6120FCE1340015CB23 /* Video+CRUD.swift in Sources */,
				753F3B5F20FCE11E0015CB23 /* Country+CRUD.swift in Sources */,
				755A4E4620FD1368005656C8 /* ContentManagerDelegate.swift in Sources */,
				75532DEA20FA5EEA001DDCFC /* CountryDetailViewController.swift in Sources */,
				75099D2E20F9064F001A1F39 /* CountryTableViewCell.swift in Sources */,
				7524E54E2275F6E200436D26 /* SettingsDelegate.swift in Sources */,
				75099D0920F8B814001A1F39 /* UIAlertController.swift in Sources */,
				7566088220F89577005711BF /* AppDelegate.swift in Sources */,
				75099D0C20F8B982001A1F39 /* Post.swift in Sources */,
				753F3B6320FCE15D0015CB23 /* Model.swift in Sources */,
				753F3B5420FCABF40015CB23 /* DetailViewRooter.swift in Sources */,
				7590460C2274E717002484A2 /* DashboardDelegate.swift in Sources */,
				75099CFA20F8A490001A1F39 /* Configuration.swift in Sources */,
				7524E5502275F6F700436D26 /* Settings.swift in Sources */,
				75099D1620F8F578001A1F39 /* ContentTypeSegmentedControl.swift in Sources */,
				75099D1420F8E9AD001A1F39 /* PostTableViewCell.swift in Sources */,
				75099D1020F8D5BF001A1F39 /* RawRepresentable.swift in Sources */,
				7566088420F89577005711BF /* DashboardViewController.swift in Sources */,
				753F3B4D20FCA49C0015CB23 /* DetailViewController.swift in Sources */,
				751C815E2275FCFC00BB93F8 /* APIManager+Deploy.swift in Sources */,
				75A2736622B954AD00AB5D2D /* AssetLocation.swift in Sources */,
			);
			runOnlyForDeploymentPostprocessing = 0;
		};
/* End PBXSourcesBuildPhase section */

/* Begin PBXVariantGroup section */
		753064C222760234009102C4 /* Localizable.strings */ = {
			isa = PBXVariantGroup;
			children = (
				753064C122760234009102C4 /* en */,
			);
			name = Localizable.strings;
			sourceTree = "<group>";
		};
		7566088720F89577005711BF /* Main.storyboard */ = {
			isa = PBXVariantGroup;
			children = (
				7566088820F89577005711BF /* Base */,
			);
			name = Main.storyboard;
			sourceTree = "<group>";
		};
		7566088C20F89579005711BF /* LaunchScreen.storyboard */ = {
			isa = PBXVariantGroup;
			children = (
				7566088D20F89579005711BF /* Base */,
			);
			name = LaunchScreen.storyboard;
			sourceTree = "<group>";
		};
/* End PBXVariantGroup section */

/* Begin XCBuildConfiguration section */
		7566089020F89579005711BF /* Debug */ = {
			isa = XCBuildConfiguration;
			buildSettings = {
				ALWAYS_SEARCH_USER_PATHS = NO;
				CLANG_ANALYZER_NONNULL = YES;
				CLANG_ANALYZER_NUMBER_OBJECT_CONVERSION = YES_AGGRESSIVE;
				CLANG_CXX_LANGUAGE_STANDARD = "gnu++14";
				CLANG_CXX_LIBRARY = "libc++";
				CLANG_ENABLE_MODULES = YES;
				CLANG_ENABLE_OBJC_ARC = YES;
				CLANG_ENABLE_OBJC_WEAK = YES;
				CLANG_WARN_BLOCK_CAPTURE_AUTORELEASING = YES;
				CLANG_WARN_BOOL_CONVERSION = YES;
				CLANG_WARN_COMMA = YES;
				CLANG_WARN_CONSTANT_CONVERSION = YES;
				CLANG_WARN_DEPRECATED_OBJC_IMPLEMENTATIONS = YES;
				CLANG_WARN_DIRECT_OBJC_ISA_USAGE = YES_ERROR;
				CLANG_WARN_DOCUMENTATION_COMMENTS = YES;
				CLANG_WARN_EMPTY_BODY = YES;
				CLANG_WARN_ENUM_CONVERSION = YES;
				CLANG_WARN_INFINITE_RECURSION = YES;
				CLANG_WARN_INT_CONVERSION = YES;
				CLANG_WARN_NON_LITERAL_NULL_CONVERSION = YES;
				CLANG_WARN_OBJC_IMPLICIT_RETAIN_SELF = YES;
				CLANG_WARN_OBJC_LITERAL_CONVERSION = YES;
				CLANG_WARN_OBJC_ROOT_CLASS = YES_ERROR;
				CLANG_WARN_RANGE_LOOP_ANALYSIS = YES;
				CLANG_WARN_STRICT_PROTOTYPES = YES;
				CLANG_WARN_SUSPICIOUS_MOVE = YES;
				CLANG_WARN_UNGUARDED_AVAILABILITY = YES_AGGRESSIVE;
				CLANG_WARN_UNREACHABLE_CODE = YES;
				CLANG_WARN__DUPLICATE_METHOD_MATCH = YES;
				CODE_SIGN_IDENTITY = "iPhone Developer";
				COPY_PHASE_STRIP = NO;
				DEBUG_INFORMATION_FORMAT = dwarf;
				ENABLE_STRICT_OBJC_MSGSEND = YES;
				ENABLE_TESTABILITY = YES;
				GCC_C_LANGUAGE_STANDARD = gnu11;
				GCC_DYNAMIC_NO_PIC = NO;
				GCC_NO_COMMON_BLOCKS = YES;
				GCC_OPTIMIZATION_LEVEL = 0;
				GCC_PREPROCESSOR_DEFINITIONS = (
					"DEBUG=1",
					"$(inherited)",
				);
				GCC_WARN_64_TO_32_BIT_CONVERSION = YES;
				GCC_WARN_ABOUT_RETURN_TYPE = YES_ERROR;
				GCC_WARN_UNDECLARED_SELECTOR = YES;
				GCC_WARN_UNINITIALIZED_AUTOS = YES_AGGRESSIVE;
				GCC_WARN_UNUSED_FUNCTION = YES;
				GCC_WARN_UNUSED_VARIABLE = YES;
				IPHONEOS_DEPLOYMENT_TARGET = 11.4;
				MTL_ENABLE_DEBUG_INFO = YES;
				ONLY_ACTIVE_ARCH = YES;
				SDKROOT = iphoneos;
				SWIFT_ACTIVE_COMPILATION_CONDITIONS = DEBUG;
				SWIFT_OPTIMIZATION_LEVEL = "-Onone";
				VERSIONING_SYSTEM = "apple-generic";
			};
			name = Debug;
		};
		7566089120F89579005711BF /* Release */ = {
			isa = XCBuildConfiguration;
			buildSettings = {
				ALWAYS_SEARCH_USER_PATHS = NO;
				CLANG_ANALYZER_NONNULL = YES;
				CLANG_ANALYZER_NUMBER_OBJECT_CONVERSION = YES_AGGRESSIVE;
				CLANG_CXX_LANGUAGE_STANDARD = "gnu++14";
				CLANG_CXX_LIBRARY = "libc++";
				CLANG_ENABLE_MODULES = YES;
				CLANG_ENABLE_OBJC_ARC = YES;
				CLANG_ENABLE_OBJC_WEAK = YES;
				CLANG_WARN_BLOCK_CAPTURE_AUTORELEASING = YES;
				CLANG_WARN_BOOL_CONVERSION = YES;
				CLANG_WARN_COMMA = YES;
				CLANG_WARN_CONSTANT_CONVERSION = YES;
				CLANG_WARN_DEPRECATED_OBJC_IMPLEMENTATIONS = YES;
				CLANG_WARN_DIRECT_OBJC_ISA_USAGE = YES_ERROR;
				CLANG_WARN_DOCUMENTATION_COMMENTS = YES;
				CLANG_WARN_EMPTY_BODY = YES;
				CLANG_WARN_ENUM_CONVERSION = YES;
				CLANG_WARN_INFINITE_RECURSION = YES;
				CLANG_WARN_INT_CONVERSION = YES;
				CLANG_WARN_NON_LITERAL_NULL_CONVERSION = YES;
				CLANG_WARN_OBJC_IMPLICIT_RETAIN_SELF = YES;
				CLANG_WARN_OBJC_LITERAL_CONVERSION = YES;
				CLANG_WARN_OBJC_ROOT_CLASS = YES_ERROR;
				CLANG_WARN_RANGE_LOOP_ANALYSIS = YES;
				CLANG_WARN_STRICT_PROTOTYPES = YES;
				CLANG_WARN_SUSPICIOUS_MOVE = YES;
				CLANG_WARN_UNGUARDED_AVAILABILITY = YES_AGGRESSIVE;
				CLANG_WARN_UNREACHABLE_CODE = YES;
				CLANG_WARN__DUPLICATE_METHOD_MATCH = YES;
				CODE_SIGN_IDENTITY = "iPhone Developer";
				COPY_PHASE_STRIP = NO;
				DEBUG_INFORMATION_FORMAT = "dwarf-with-dsym";
				ENABLE_NS_ASSERTIONS = NO;
				ENABLE_STRICT_OBJC_MSGSEND = YES;
				GCC_C_LANGUAGE_STANDARD = gnu11;
				GCC_NO_COMMON_BLOCKS = YES;
				GCC_WARN_64_TO_32_BIT_CONVERSION = YES;
				GCC_WARN_ABOUT_RETURN_TYPE = YES_ERROR;
				GCC_WARN_UNDECLARED_SELECTOR = YES;
				GCC_WARN_UNINITIALIZED_AUTOS = YES_AGGRESSIVE;
				GCC_WARN_UNUSED_FUNCTION = YES;
				GCC_WARN_UNUSED_VARIABLE = YES;
				IPHONEOS_DEPLOYMENT_TARGET = 11.4;
				MTL_ENABLE_DEBUG_INFO = NO;
				SDKROOT = iphoneos;
				SWIFT_COMPILATION_MODE = wholemodule;
				SWIFT_OPTIMIZATION_LEVEL = "-O";
				VALIDATE_PRODUCT = YES;
				VERSIONING_SYSTEM = "apple-generic";
			};
			name = Release;
		};
		7566089320F89579005711BF /* Debug */ = {
			isa = XCBuildConfiguration;
			baseConfigurationReference = 5B7F55F1D136AB2CD125CBC1 /* Pods-PictureMyWorld.debug.xcconfig */;
			buildSettings = {
				ASSETCATALOG_COMPILER_APPICON_NAME = AppIcon;
				CODE_SIGN_IDENTITY = "iPhone Developer";
				CODE_SIGN_STYLE = Automatic;
				CURRENT_PROJECT_VERSION = 7;
				DEVELOPMENT_TEAM = QXY3J9PHW4;
				INFOPLIST_FILE = "$(SRCROOT)/PictureMyWorld/Resources/PictureMyWorld-iOS-Info.plist";
				LD_RUNPATH_SEARCH_PATHS = (
					"$(inherited)",
					"@executable_path/Frameworks",
				);
				PRODUCT_BUNDLE_IDENTIFIER = io.kevindelord.app.picturemyworld.uploader;
				PRODUCT_NAME = "$(TARGET_NAME)";
				PROVISIONING_PROFILE_SPECIFIER = "";
				SWIFT_VERSION = 5.0;
				TARGETED_DEVICE_FAMILY = "1,2";
				VERSIONING_SYSTEM = "apple-generic";
			};
			name = Debug;
		};
		7566089420F89579005711BF /* Release */ = {
			isa = XCBuildConfiguration;
			baseConfigurationReference = 52B371298DF7DB77C97E1C29 /* Pods-PictureMyWorld.release.xcconfig */;
			buildSettings = {
				ASSETCATALOG_COMPILER_APPICON_NAME = AppIcon;
				CODE_SIGN_IDENTITY = "iPhone Developer";
				CODE_SIGN_STYLE = Automatic;
				CURRENT_PROJECT_VERSION = 7;
				DEVELOPMENT_TEAM = QXY3J9PHW4;
				INFOPLIST_FILE = "$(SRCROOT)/PictureMyWorld/Resources/PictureMyWorld-iOS-Info.plist";
				LD_RUNPATH_SEARCH_PATHS = (
					"$(inherited)",
					"@executable_path/Frameworks",
				);
				PRODUCT_BUNDLE_IDENTIFIER = io.kevindelord.app.picturemyworld.uploader;
				PRODUCT_NAME = "$(TARGET_NAME)";
				PROVISIONING_PROFILE_SPECIFIER = "";
				SWIFT_VERSION = 5.0;
				TARGETED_DEVICE_FAMILY = "1,2";
				VERSIONING_SYSTEM = "apple-generic";
			};
			name = Release;
		};
/* End XCBuildConfiguration section */

/* Begin XCConfigurationList section */
		7566087920F89577005711BF /* Build configuration list for PBXProject "PictureMyWorld" */ = {
			isa = XCConfigurationList;
			buildConfigurations = (
				7566089020F89579005711BF /* Debug */,
				7566089120F89579005711BF /* Release */,
			);
			defaultConfigurationIsVisible = 0;
			defaultConfigurationName = Release;
		};
		7566089220F89579005711BF /* Build configuration list for PBXNativeTarget "PictureMyWorld" */ = {
			isa = XCConfigurationList;
			buildConfigurations = (
				7566089320F89579005711BF /* Debug */,
				7566089420F89579005711BF /* Release */,
			);
			defaultConfigurationIsVisible = 0;
			defaultConfigurationName = Release;
		};
/* End XCConfigurationList section */
	};
	rootObject = 7566087620F89577005711BF /* Project object */;
}
